// !$*UTF8*$!
{
	archiveVersion = 1;
	classes = {
	};
	objectVersion = 48;
	objects = {

/* Begin PBXBuildFile section */
		F1063DAC21BEBB17003855D9 /* RevokeData.swift in Sources */ = {isa = PBXBuildFile; fileRef = F1063DAB21BEBB17003855D9 /* RevokeData.swift */; };
		F138AE7B21B388E600C79E62 /* SwiftRestful.h in Headers */ = {isa = PBXBuildFile; fileRef = F138AE6D21B388E600C79E62 /* SwiftRestful.h */; settings = {ATTRIBUTES = (Public, ); }; };
		F138AE8621B38BC800C79E62 /* Cartfile in Resources */ = {isa = PBXBuildFile; fileRef = F138AE8521B38BC800C79E62 /* Cartfile */; };
		F138AE8921B38E3800C79E62 /* NamingConventions.framework in Frameworks */ = {isa = PBXBuildFile; fileRef = F138AE8821B38E3800C79E62 /* NamingConventions.framework */; };
		F138AE9021B3915D00C79E62 /* Jsonable.swift in Sources */ = {isa = PBXBuildFile; fileRef = F138AE8E21B3915D00C79E62 /* Jsonable.swift */; };
		F138AE9421B393B800C79E62 /* SwiftRestful.framework in Frameworks */ = {isa = PBXBuildFile; fileRef = F138AE6A21B388E600C79E62 /* SwiftRestful.framework */; };
		F138AE9921B39ACE00C79E62 /* JsonConversionTests.swift in Sources */ = {isa = PBXBuildFile; fileRef = F138AE9721B3946200C79E62 /* JsonConversionTests.swift */; };
		F138AEC121B3A16D00C79E62 /* LoginResult.swift in Sources */ = {isa = PBXBuildFile; fileRef = F138AEBF21B3A16D00C79E62 /* LoginResult.swift */; };
		F138AEC221B3A16D00C79E62 /* Timespan.swift in Sources */ = {isa = PBXBuildFile; fileRef = F138AEC021B3A16D00C79E62 /* Timespan.swift */; };
		F138AECA21B3A17800C79E62 /* HttpClient.swift in Sources */ = {isa = PBXBuildFile; fileRef = F138AEC521B3A17800C79E62 /* HttpClient.swift */; };
		F138AECB21B3A17800C79E62 /* HttpRequestInterceptor.swift in Sources */ = {isa = PBXBuildFile; fileRef = F138AEC621B3A17800C79E62 /* HttpRequestInterceptor.swift */; };
		F138AECC21B3A17800C79E62 /* HttpRequestParameters.swift in Sources */ = {isa = PBXBuildFile; fileRef = F138AEC721B3A17800C79E62 /* HttpRequestParameters.swift */; };
		F138AECD21B3A17800C79E62 /* OAuthClinet.swift in Sources */ = {isa = PBXBuildFile; fileRef = F138AEC821B3A17800C79E62 /* OAuthClinet.swift */; };
		F138AED021B3A27100C79E62 /* HttpClientTests.swift in Sources */ = {isa = PBXBuildFile; fileRef = F138AECE21B3A24B00C79E62 /* HttpClientTests.swift */; };
		F15623F321B6EA4A004B9469 /* NamingRitchJsonable.swift in Sources */ = {isa = PBXBuildFile; fileRef = F15623F221B6EA4A004B9469 /* NamingRitchJsonable.swift */; };
		F17B09D521B78D0000522B36 /* HttpApiClient.swift in Sources */ = {isa = PBXBuildFile; fileRef = F17B09D421B78D0000522B36 /* HttpApiClient.swift */; };
		F17B09D821B78E4F00522B36 /* RequestBuilderBase.swift in Sources */ = {isa = PBXBuildFile; fileRef = F17B09D721B78E4F00522B36 /* RequestBuilderBase.swift */; };
		F17B09DA21B793A700522B36 /* ParameterConversion.swift in Sources */ = {isa = PBXBuildFile; fileRef = F17B09D921B793A700522B36 /* ParameterConversion.swift */; };
		F17B09DC21B79AE700522B36 /* CallbackConversion.swift in Sources */ = {isa = PBXBuildFile; fileRef = F17B09DB21B79AE700522B36 /* CallbackConversion.swift */; };
		F17B09DE21B79DAA00522B36 /* GETRequestBuilder.swift in Sources */ = {isa = PBXBuildFile; fileRef = F17B09DD21B79DAA00522B36 /* GETRequestBuilder.swift */; };
		F17B09E021B79DFC00522B36 /* POSTRequestBuilder.swift in Sources */ = {isa = PBXBuildFile; fileRef = F17B09DF21B79DFC00522B36 /* POSTRequestBuilder.swift */; };
		F17B09E221B79E3200522B36 /* PUTRequestBuilder.swift in Sources */ = {isa = PBXBuildFile; fileRef = F17B09E121B79E3200522B36 /* PUTRequestBuilder.swift */; };
		F17B09E421B79E3D00522B36 /* DELETERequestBuilder.swift in Sources */ = {isa = PBXBuildFile; fileRef = F17B09E321B79E3D00522B36 /* DELETERequestBuilder.swift */; };
		F17B09E621B79E5000522B36 /* PATCHRequestBuilder.swift in Sources */ = {isa = PBXBuildFile; fileRef = F17B09E521B79E5000522B36 /* PATCHRequestBuilder.swift */; };
		F17B09E921B7A96D00522B36 /* HttpApiClientTest.swift in Sources */ = {isa = PBXBuildFile; fileRef = F17B09E721B7A92500522B36 /* HttpApiClientTest.swift */; };
		F17FF97721BD1DE6008DF950 /* OAuthClientTests.swift in Sources */ = {isa = PBXBuildFile; fileRef = F17FF97521BD1DC4008DF950 /* OAuthClientTests.swift */; };
		F1838C9321B8E35800B579E6 /* HttpResponse.swift in Sources */ = {isa = PBXBuildFile; fileRef = F1838C9221B8E35800B579E6 /* HttpResponse.swift */; };
		F1838C9521B8E37C00B579E6 /* HttpMethod.swift in Sources */ = {isa = PBXBuildFile; fileRef = F1838C9421B8E37C00B579E6 /* HttpMethod.swift */; };
		F1838C9721B8E3A000B579E6 /* HttpHeaderCollection.swift in Sources */ = {isa = PBXBuildFile; fileRef = F1838C9621B8E3A000B579E6 /* HttpHeaderCollection.swift */; };
		F1838C9921B8F3BC00B579E6 /* JsonConvert.swift in Sources */ = {isa = PBXBuildFile; fileRef = F1838C9821B8F3BC00B579E6 /* JsonConvert.swift */; };
		F1838C9B21B8F3FD00B579E6 /* DataToJsonConversionResult.swift in Sources */ = {isa = PBXBuildFile; fileRef = F1838C9A21B8F3FD00B579E6 /* DataToJsonConversionResult.swift */; };
		F183A63621BC674F006CCCCF /* CredentialProvider.swift in Sources */ = {isa = PBXBuildFile; fileRef = F183A63521BC674F006CCCCF /* CredentialProvider.swift */; };
		F183A63821BC67A6006CCCCF /* Credentials.swift in Sources */ = {isa = PBXBuildFile; fileRef = F183A63721BC67A6006CCCCF /* Credentials.swift */; };
		F1AAE01C21BFFF93003B1565 /* SwiftRestful.podspec in Resources */ = {isa = PBXBuildFile; fileRef = F1AAE01B21BFFF93003B1565 /* SwiftRestful.podspec */; };
		F1AAE06821C0DAFB003B1565 /* SwiftRestful.framework in Frameworks */ = {isa = PBXBuildFile; fileRef = F1AAE05F21C0DAFA003B1565 /* SwiftRestful.framework */; };
		F1AAE07621C0DB9D003B1565 /* HttpRequestInterceptor.swift in Sources */ = {isa = PBXBuildFile; fileRef = F138AEC621B3A17800C79E62 /* HttpRequestInterceptor.swift */; };
		F1AAE07721C0DB9D003B1565 /* ListHttpInterceptor.swift in Sources */ = {isa = PBXBuildFile; fileRef = F1D331B021BC4061003C2D05 /* ListHttpInterceptor.swift */; };
		F1AAE07821C0DB9D003B1565 /* CredentialProvider.swift in Sources */ = {isa = PBXBuildFile; fileRef = F183A63521BC674F006CCCCF /* CredentialProvider.swift */; };
		F1AAE07921C0DB9D003B1565 /* ParameterConversion.swift in Sources */ = {isa = PBXBuildFile; fileRef = F17B09D921B793A700522B36 /* ParameterConversion.swift */; };
		F1AAE07A21C0DB9D003B1565 /* CallbackConversion.swift in Sources */ = {isa = PBXBuildFile; fileRef = F17B09DB21B79AE700522B36 /* CallbackConversion.swift */; };
		F1AAE07B21C0DB9D003B1565 /* HttpRequestParameters.swift in Sources */ = {isa = PBXBuildFile; fileRef = F138AEC721B3A17800C79E62 /* HttpRequestParameters.swift */; };
		F1AAE07C21C0DB9D003B1565 /* HttpResponseStatus.swift in Sources */ = {isa = PBXBuildFile; fileRef = F1BB206F21B86EE400E99D60 /* HttpResponseStatus.swift */; };
		F1AAE07D21C0DB9D003B1565 /* HttpResponse.swift in Sources */ = {isa = PBXBuildFile; fileRef = F1838C9221B8E35800B579E6 /* HttpResponse.swift */; };
		F1AAE07E21C0DB9D003B1565 /* HttpMethod.swift in Sources */ = {isa = PBXBuildFile; fileRef = F1838C9421B8E37C00B579E6 /* HttpMethod.swift */; };
		F1AAE07F21C0DB9D003B1565 /* HttpHeaderCollection.swift in Sources */ = {isa = PBXBuildFile; fileRef = F1838C9621B8E3A000B579E6 /* HttpHeaderCollection.swift */; };
		F1AAE08021C0DB9D003B1565 /* HttpResponseCodes.swift in Sources */ = {isa = PBXBuildFile; fileRef = F1D331AD21BC1B38003C2D05 /* HttpResponseCodes.swift */; };
		F1AAE08121C0DB9D003B1565 /* RequestBuilderBase.swift in Sources */ = {isa = PBXBuildFile; fileRef = F17B09D721B78E4F00522B36 /* RequestBuilderBase.swift */; };
		F1AAE08221C0DB9D003B1565 /* GETRequestBuilder.swift in Sources */ = {isa = PBXBuildFile; fileRef = F17B09DD21B79DAA00522B36 /* GETRequestBuilder.swift */; };
		F1AAE08321C0DB9D003B1565 /* POSTRequestBuilder.swift in Sources */ = {isa = PBXBuildFile; fileRef = F17B09DF21B79DFC00522B36 /* POSTRequestBuilder.swift */; };
		F1AAE08421C0DB9D003B1565 /* PUTRequestBuilder.swift in Sources */ = {isa = PBXBuildFile; fileRef = F17B09E121B79E3200522B36 /* PUTRequestBuilder.swift */; };
		F1AAE08521C0DB9D003B1565 /* DELETERequestBuilder.swift in Sources */ = {isa = PBXBuildFile; fileRef = F17B09E321B79E3D00522B36 /* DELETERequestBuilder.swift */; };
		F1AAE08621C0DB9D003B1565 /* PATCHRequestBuilder.swift in Sources */ = {isa = PBXBuildFile; fileRef = F17B09E521B79E5000522B36 /* PATCHRequestBuilder.swift */; };
		F1AAE08721C0DB9D003B1565 /* HttpClient.swift in Sources */ = {isa = PBXBuildFile; fileRef = F138AEC521B3A17800C79E62 /* HttpClient.swift */; };
		F1AAE08821C0DB9D003B1565 /* OAuthClinet.swift in Sources */ = {isa = PBXBuildFile; fileRef = F138AEC821B3A17800C79E62 /* OAuthClinet.swift */; };
		F1AAE08921C0DB9D003B1565 /* HttpApiClient.swift in Sources */ = {isa = PBXBuildFile; fileRef = F17B09D421B78D0000522B36 /* HttpApiClient.swift */; };
		F1AAE08A21C0DB9D003B1565 /* CrudClient.swift in Sources */ = {isa = PBXBuildFile; fileRef = F1D331A421BB76D6003C2D05 /* CrudClient.swift */; };
		F1AAE08B21C0DB9D003B1565 /* LoginResult.swift in Sources */ = {isa = PBXBuildFile; fileRef = F138AEBF21B3A16D00C79E62 /* LoginResult.swift */; };
		F1AAE08C21C0DB9D003B1565 /* Timespan.swift in Sources */ = {isa = PBXBuildFile; fileRef = F138AEC021B3A16D00C79E62 /* Timespan.swift */; };
		F1AAE08D21C0DB9D003B1565 /* JsonableVoid.swift in Sources */ = {isa = PBXBuildFile; fileRef = F1D331A621BBB7B1003C2D05 /* JsonableVoid.swift */; };
		F1AAE08E21C0DB9D003B1565 /* Credentials.swift in Sources */ = {isa = PBXBuildFile; fileRef = F183A63721BC67A6006CCCCF /* Credentials.swift */; };
		F1AAE08F21C0DB9D003B1565 /* RevokeData.swift in Sources */ = {isa = PBXBuildFile; fileRef = F1063DAB21BEBB17003855D9 /* RevokeData.swift */; };
		F1AAE09021C0DB9D003B1565 /* Jsonable.swift in Sources */ = {isa = PBXBuildFile; fileRef = F138AE8E21B3915D00C79E62 /* Jsonable.swift */; };
		F1AAE09121C0DB9D003B1565 /* NamingRitchJsonable.swift in Sources */ = {isa = PBXBuildFile; fileRef = F15623F221B6EA4A004B9469 /* NamingRitchJsonable.swift */; };
		F1AAE09221C0DB9D003B1565 /* JsonConvert.swift in Sources */ = {isa = PBXBuildFile; fileRef = F1838C9821B8F3BC00B579E6 /* JsonConvert.swift */; };
		F1AAE09321C0DB9D003B1565 /* DataToJsonConversionResult.swift in Sources */ = {isa = PBXBuildFile; fileRef = F1838C9A21B8F3FD00B579E6 /* DataToJsonConversionResult.swift */; };
		F1AAE09521C0DBD7003B1565 /* NamingConventions.framework in Frameworks */ = {isa = PBXBuildFile; fileRef = F1AAE09421C0DBD7003B1565 /* NamingConventions.framework */; };
		F1AAE09721C0DC64003B1565 /* HttpRequestInterceptor.swift in Sources */ = {isa = PBXBuildFile; fileRef = F138AEC621B3A17800C79E62 /* HttpRequestInterceptor.swift */; };
		F1AAE09821C0DC64003B1565 /* ListHttpInterceptor.swift in Sources */ = {isa = PBXBuildFile; fileRef = F1D331B021BC4061003C2D05 /* ListHttpInterceptor.swift */; };
		F1AAE09921C0DC64003B1565 /* CredentialProvider.swift in Sources */ = {isa = PBXBuildFile; fileRef = F183A63521BC674F006CCCCF /* CredentialProvider.swift */; };
		F1AAE09A21C0DC64003B1565 /* ParameterConversion.swift in Sources */ = {isa = PBXBuildFile; fileRef = F17B09D921B793A700522B36 /* ParameterConversion.swift */; };
		F1AAE09B21C0DC64003B1565 /* CallbackConversion.swift in Sources */ = {isa = PBXBuildFile; fileRef = F17B09DB21B79AE700522B36 /* CallbackConversion.swift */; };
		F1AAE09C21C0DC64003B1565 /* HttpRequestParameters.swift in Sources */ = {isa = PBXBuildFile; fileRef = F138AEC721B3A17800C79E62 /* HttpRequestParameters.swift */; };
		F1AAE09D21C0DC64003B1565 /* HttpResponseStatus.swift in Sources */ = {isa = PBXBuildFile; fileRef = F1BB206F21B86EE400E99D60 /* HttpResponseStatus.swift */; };
		F1AAE09E21C0DC64003B1565 /* HttpResponse.swift in Sources */ = {isa = PBXBuildFile; fileRef = F1838C9221B8E35800B579E6 /* HttpResponse.swift */; };
		F1AAE09F21C0DC64003B1565 /* HttpMethod.swift in Sources */ = {isa = PBXBuildFile; fileRef = F1838C9421B8E37C00B579E6 /* HttpMethod.swift */; };
		F1AAE0A021C0DC64003B1565 /* HttpHeaderCollection.swift in Sources */ = {isa = PBXBuildFile; fileRef = F1838C9621B8E3A000B579E6 /* HttpHeaderCollection.swift */; };
		F1AAE0A121C0DC64003B1565 /* HttpResponseCodes.swift in Sources */ = {isa = PBXBuildFile; fileRef = F1D331AD21BC1B38003C2D05 /* HttpResponseCodes.swift */; };
		F1AAE0A221C0DC64003B1565 /* RequestBuilderBase.swift in Sources */ = {isa = PBXBuildFile; fileRef = F17B09D721B78E4F00522B36 /* RequestBuilderBase.swift */; };
		F1AAE0A321C0DC64003B1565 /* GETRequestBuilder.swift in Sources */ = {isa = PBXBuildFile; fileRef = F17B09DD21B79DAA00522B36 /* GETRequestBuilder.swift */; };
		F1AAE0A421C0DC64003B1565 /* POSTRequestBuilder.swift in Sources */ = {isa = PBXBuildFile; fileRef = F17B09DF21B79DFC00522B36 /* POSTRequestBuilder.swift */; };
		F1AAE0A521C0DC64003B1565 /* PUTRequestBuilder.swift in Sources */ = {isa = PBXBuildFile; fileRef = F17B09E121B79E3200522B36 /* PUTRequestBuilder.swift */; };
		F1AAE0A621C0DC64003B1565 /* DELETERequestBuilder.swift in Sources */ = {isa = PBXBuildFile; fileRef = F17B09E321B79E3D00522B36 /* DELETERequestBuilder.swift */; };
		F1AAE0A721C0DC64003B1565 /* PATCHRequestBuilder.swift in Sources */ = {isa = PBXBuildFile; fileRef = F17B09E521B79E5000522B36 /* PATCHRequestBuilder.swift */; };
		F1AAE0A821C0DC64003B1565 /* HttpClient.swift in Sources */ = {isa = PBXBuildFile; fileRef = F138AEC521B3A17800C79E62 /* HttpClient.swift */; };
		F1AAE0A921C0DC64003B1565 /* OAuthClinet.swift in Sources */ = {isa = PBXBuildFile; fileRef = F138AEC821B3A17800C79E62 /* OAuthClinet.swift */; };
		F1AAE0AA21C0DC64003B1565 /* HttpApiClient.swift in Sources */ = {isa = PBXBuildFile; fileRef = F17B09D421B78D0000522B36 /* HttpApiClient.swift */; };
		F1AAE0AB21C0DC64003B1565 /* CrudClient.swift in Sources */ = {isa = PBXBuildFile; fileRef = F1D331A421BB76D6003C2D05 /* CrudClient.swift */; };
		F1AAE0AC21C0DC64003B1565 /* LoginResult.swift in Sources */ = {isa = PBXBuildFile; fileRef = F138AEBF21B3A16D00C79E62 /* LoginResult.swift */; };
		F1AAE0AD21C0DC64003B1565 /* Timespan.swift in Sources */ = {isa = PBXBuildFile; fileRef = F138AEC021B3A16D00C79E62 /* Timespan.swift */; };
		F1AAE0AE21C0DC64003B1565 /* JsonableVoid.swift in Sources */ = {isa = PBXBuildFile; fileRef = F1D331A621BBB7B1003C2D05 /* JsonableVoid.swift */; };
		F1AAE0AF21C0DC64003B1565 /* Credentials.swift in Sources */ = {isa = PBXBuildFile; fileRef = F183A63721BC67A6006CCCCF /* Credentials.swift */; };
		F1AAE0B021C0DC64003B1565 /* RevokeData.swift in Sources */ = {isa = PBXBuildFile; fileRef = F1063DAB21BEBB17003855D9 /* RevokeData.swift */; };
		F1AAE0B121C0DC64003B1565 /* Jsonable.swift in Sources */ = {isa = PBXBuildFile; fileRef = F138AE8E21B3915D00C79E62 /* Jsonable.swift */; };
		F1AAE0B221C0DC64003B1565 /* NamingRitchJsonable.swift in Sources */ = {isa = PBXBuildFile; fileRef = F15623F221B6EA4A004B9469 /* NamingRitchJsonable.swift */; };
		F1AAE0B321C0DC64003B1565 /* JsonConvert.swift in Sources */ = {isa = PBXBuildFile; fileRef = F1838C9821B8F3BC00B579E6 /* JsonConvert.swift */; };
		F1AAE0B421C0DC64003B1565 /* DataToJsonConversionResult.swift in Sources */ = {isa = PBXBuildFile; fileRef = F1838C9A21B8F3FD00B579E6 /* DataToJsonConversionResult.swift */; };
		F1AAE0BF21C0DC97003B1565 /* NamingConventions.framework in Frameworks */ = {isa = PBXBuildFile; fileRef = F1AAE0BE21C0DC97003B1565 /* NamingConventions.framework */; };
		F1AAE0C121C0DCF7003B1565 /* Todo.swift in Sources */ = {isa = PBXBuildFile; fileRef = F15623EF21B6E80D004B9469 /* Todo.swift */; };
		F1AAE0C221C0DCF7003B1565 /* HttpBinAnything.swift in Sources */ = {isa = PBXBuildFile; fileRef = F17B09EA21B7CEFF00522B36 /* HttpBinAnything.swift */; };
		F1AAE0C321C0DCF7003B1565 /* HttpbinTodo.swift in Sources */ = {isa = PBXBuildFile; fileRef = F17B09EC21B7E39800522B36 /* HttpbinTodo.swift */; };
		F1AAE0C421C0DCF7003B1565 /* ReqresUser.swift in Sources */ = {isa = PBXBuildFile; fileRef = F1D331AA21BBD208003C2D05 /* ReqresUser.swift */; };
		F1AAE0C521C0DCF7003B1565 /* HttpClientTests.swift in Sources */ = {isa = PBXBuildFile; fileRef = F138AECE21B3A24B00C79E62 /* HttpClientTests.swift */; };
		F1AAE0C621C0DCF7003B1565 /* JsonConversionTests.swift in Sources */ = {isa = PBXBuildFile; fileRef = F138AE9721B3946200C79E62 /* JsonConversionTests.swift */; };
		F1AAE0C721C0DCF7003B1565 /* HttpApiClientTest.swift in Sources */ = {isa = PBXBuildFile; fileRef = F17B09E721B7A92500522B36 /* HttpApiClientTest.swift */; };
		F1AAE0C821C0DCF7003B1565 /* CrudClientTests.swift in Sources */ = {isa = PBXBuildFile; fileRef = F1D331A821BBBC9E003C2D05 /* CrudClientTests.swift */; };
		F1AAE0C921C0DCF7003B1565 /* OAuthClientTests.swift in Sources */ = {isa = PBXBuildFile; fileRef = F17FF97521BD1DC4008DF950 /* OAuthClientTests.swift */; };
		F1AAE0CE21C0DDEC003B1565 /* Todo.swift in Sources */ = {isa = PBXBuildFile; fileRef = F15623EF21B6E80D004B9469 /* Todo.swift */; };
		F1AAE0CF21C0DF03003B1565 /* HttpBinAnything.swift in Sources */ = {isa = PBXBuildFile; fileRef = F17B09EA21B7CEFF00522B36 /* HttpBinAnything.swift */; };
		F1AAE0D021C0DF0A003B1565 /* HttpbinTodo.swift in Sources */ = {isa = PBXBuildFile; fileRef = F17B09EC21B7E39800522B36 /* HttpbinTodo.swift */; };
		F1AAE0D121C0DF26003B1565 /* ReqresUser.swift in Sources */ = {isa = PBXBuildFile; fileRef = F1D331AA21BBD208003C2D05 /* ReqresUser.swift */; };
		F1AAE0E021C0E307003B1565 /* SwiftRestful.framework in Frameworks */ = {isa = PBXBuildFile; fileRef = F1AAE0D721C0E306003B1565 /* SwiftRestful.framework */; };
		F1AAE0EF21C0E3B6003B1565 /* HttpRequestInterceptor.swift in Sources */ = {isa = PBXBuildFile; fileRef = F138AEC621B3A17800C79E62 /* HttpRequestInterceptor.swift */; };
		F1AAE0F021C0E3B6003B1565 /* ListHttpInterceptor.swift in Sources */ = {isa = PBXBuildFile; fileRef = F1D331B021BC4061003C2D05 /* ListHttpInterceptor.swift */; };
		F1AAE0F121C0E3B6003B1565 /* CredentialProvider.swift in Sources */ = {isa = PBXBuildFile; fileRef = F183A63521BC674F006CCCCF /* CredentialProvider.swift */; };
		F1AAE0F221C0E3B6003B1565 /* ParameterConversion.swift in Sources */ = {isa = PBXBuildFile; fileRef = F17B09D921B793A700522B36 /* ParameterConversion.swift */; };
		F1AAE0F321C0E3B6003B1565 /* CallbackConversion.swift in Sources */ = {isa = PBXBuildFile; fileRef = F17B09DB21B79AE700522B36 /* CallbackConversion.swift */; };
		F1AAE0F421C0E3B6003B1565 /* HttpRequestParameters.swift in Sources */ = {isa = PBXBuildFile; fileRef = F138AEC721B3A17800C79E62 /* HttpRequestParameters.swift */; };
		F1AAE0F521C0E3B6003B1565 /* HttpResponseStatus.swift in Sources */ = {isa = PBXBuildFile; fileRef = F1BB206F21B86EE400E99D60 /* HttpResponseStatus.swift */; };
		F1AAE0F621C0E3B6003B1565 /* HttpResponse.swift in Sources */ = {isa = PBXBuildFile; fileRef = F1838C9221B8E35800B579E6 /* HttpResponse.swift */; };
		F1AAE0F721C0E3B6003B1565 /* HttpMethod.swift in Sources */ = {isa = PBXBuildFile; fileRef = F1838C9421B8E37C00B579E6 /* HttpMethod.swift */; };
		F1AAE0F821C0E3B6003B1565 /* HttpHeaderCollection.swift in Sources */ = {isa = PBXBuildFile; fileRef = F1838C9621B8E3A000B579E6 /* HttpHeaderCollection.swift */; };
		F1AAE0F921C0E3B6003B1565 /* HttpResponseCodes.swift in Sources */ = {isa = PBXBuildFile; fileRef = F1D331AD21BC1B38003C2D05 /* HttpResponseCodes.swift */; };
		F1AAE0FA21C0E3B6003B1565 /* RequestBuilderBase.swift in Sources */ = {isa = PBXBuildFile; fileRef = F17B09D721B78E4F00522B36 /* RequestBuilderBase.swift */; };
		F1AAE0FB21C0E3B6003B1565 /* GETRequestBuilder.swift in Sources */ = {isa = PBXBuildFile; fileRef = F17B09DD21B79DAA00522B36 /* GETRequestBuilder.swift */; };
		F1AAE0FC21C0E3B6003B1565 /* POSTRequestBuilder.swift in Sources */ = {isa = PBXBuildFile; fileRef = F17B09DF21B79DFC00522B36 /* POSTRequestBuilder.swift */; };
		F1AAE0FD21C0E3B6003B1565 /* PUTRequestBuilder.swift in Sources */ = {isa = PBXBuildFile; fileRef = F17B09E121B79E3200522B36 /* PUTRequestBuilder.swift */; };
		F1AAE0FE21C0E3B6003B1565 /* DELETERequestBuilder.swift in Sources */ = {isa = PBXBuildFile; fileRef = F17B09E321B79E3D00522B36 /* DELETERequestBuilder.swift */; };
		F1AAE0FF21C0E3B6003B1565 /* PATCHRequestBuilder.swift in Sources */ = {isa = PBXBuildFile; fileRef = F17B09E521B79E5000522B36 /* PATCHRequestBuilder.swift */; };
		F1AAE10021C0E3B6003B1565 /* HttpClient.swift in Sources */ = {isa = PBXBuildFile; fileRef = F138AEC521B3A17800C79E62 /* HttpClient.swift */; };
		F1AAE10121C0E3B6003B1565 /* OAuthClinet.swift in Sources */ = {isa = PBXBuildFile; fileRef = F138AEC821B3A17800C79E62 /* OAuthClinet.swift */; };
		F1AAE10221C0E3B6003B1565 /* HttpApiClient.swift in Sources */ = {isa = PBXBuildFile; fileRef = F17B09D421B78D0000522B36 /* HttpApiClient.swift */; };
		F1AAE10321C0E3B6003B1565 /* CrudClient.swift in Sources */ = {isa = PBXBuildFile; fileRef = F1D331A421BB76D6003C2D05 /* CrudClient.swift */; };
		F1AAE10421C0E3B6003B1565 /* LoginResult.swift in Sources */ = {isa = PBXBuildFile; fileRef = F138AEBF21B3A16D00C79E62 /* LoginResult.swift */; };
		F1AAE10521C0E3B6003B1565 /* Timespan.swift in Sources */ = {isa = PBXBuildFile; fileRef = F138AEC021B3A16D00C79E62 /* Timespan.swift */; };
		F1AAE10621C0E3B6003B1565 /* JsonableVoid.swift in Sources */ = {isa = PBXBuildFile; fileRef = F1D331A621BBB7B1003C2D05 /* JsonableVoid.swift */; };
		F1AAE10721C0E3B6003B1565 /* Credentials.swift in Sources */ = {isa = PBXBuildFile; fileRef = F183A63721BC67A6006CCCCF /* Credentials.swift */; };
		F1AAE10821C0E3B6003B1565 /* RevokeData.swift in Sources */ = {isa = PBXBuildFile; fileRef = F1063DAB21BEBB17003855D9 /* RevokeData.swift */; };
		F1AAE10921C0E3B6003B1565 /* Jsonable.swift in Sources */ = {isa = PBXBuildFile; fileRef = F138AE8E21B3915D00C79E62 /* Jsonable.swift */; };
		F1AAE10A21C0E3B6003B1565 /* NamingRitchJsonable.swift in Sources */ = {isa = PBXBuildFile; fileRef = F15623F221B6EA4A004B9469 /* NamingRitchJsonable.swift */; };
		F1AAE10B21C0E3B6003B1565 /* JsonConvert.swift in Sources */ = {isa = PBXBuildFile; fileRef = F1838C9821B8F3BC00B579E6 /* JsonConvert.swift */; };
		F1AAE10C21C0E3B6003B1565 /* DataToJsonConversionResult.swift in Sources */ = {isa = PBXBuildFile; fileRef = F1838C9A21B8F3FD00B579E6 /* DataToJsonConversionResult.swift */; };
		F1AAE10E21C0E3CA003B1565 /* NamingConventions.framework in Frameworks */ = {isa = PBXBuildFile; fileRef = F1AAE10D21C0E3CA003B1565 /* NamingConventions.framework */; };
		F1AAE11021C0E42E003B1565 /* Todo.swift in Sources */ = {isa = PBXBuildFile; fileRef = F15623EF21B6E80D004B9469 /* Todo.swift */; };
		F1AAE11121C0E42E003B1565 /* HttpBinAnything.swift in Sources */ = {isa = PBXBuildFile; fileRef = F17B09EA21B7CEFF00522B36 /* HttpBinAnything.swift */; };
		F1AAE11221C0E42E003B1565 /* HttpbinTodo.swift in Sources */ = {isa = PBXBuildFile; fileRef = F17B09EC21B7E39800522B36 /* HttpbinTodo.swift */; };
		F1AAE11321C0E42E003B1565 /* ReqresUser.swift in Sources */ = {isa = PBXBuildFile; fileRef = F1D331AA21BBD208003C2D05 /* ReqresUser.swift */; };
		F1AAE11421C0E42E003B1565 /* HttpClientTests.swift in Sources */ = {isa = PBXBuildFile; fileRef = F138AECE21B3A24B00C79E62 /* HttpClientTests.swift */; };
		F1AAE11521C0E42E003B1565 /* JsonConversionTests.swift in Sources */ = {isa = PBXBuildFile; fileRef = F138AE9721B3946200C79E62 /* JsonConversionTests.swift */; };
		F1AAE11621C0E42E003B1565 /* HttpApiClientTest.swift in Sources */ = {isa = PBXBuildFile; fileRef = F17B09E721B7A92500522B36 /* HttpApiClientTest.swift */; };
		F1AAE11721C0E42E003B1565 /* CrudClientTests.swift in Sources */ = {isa = PBXBuildFile; fileRef = F1D331A821BBBC9E003C2D05 /* CrudClientTests.swift */; };
		F1AAE11821C0E42E003B1565 /* OAuthClientTests.swift in Sources */ = {isa = PBXBuildFile; fileRef = F17FF97521BD1DC4008DF950 /* OAuthClientTests.swift */; };
		F1BB207021B86EE400E99D60 /* HttpResponseStatus.swift in Sources */ = {isa = PBXBuildFile; fileRef = F1BB206F21B86EE400E99D60 /* HttpResponseStatus.swift */; };
		F1D331A521BB76D6003C2D05 /* CrudClient.swift in Sources */ = {isa = PBXBuildFile; fileRef = F1D331A421BB76D6003C2D05 /* CrudClient.swift */; };
		F1D331A721BBB7B1003C2D05 /* JsonableVoid.swift in Sources */ = {isa = PBXBuildFile; fileRef = F1D331A621BBB7B1003C2D05 /* JsonableVoid.swift */; };
		F1D331A921BBBC9E003C2D05 /* CrudClientTests.swift in Sources */ = {isa = PBXBuildFile; fileRef = F1D331A821BBBC9E003C2D05 /* CrudClientTests.swift */; };
		F1D331AE21BC1B38003C2D05 /* HttpResponseCodes.swift in Sources */ = {isa = PBXBuildFile; fileRef = F1D331AD21BC1B38003C2D05 /* HttpResponseCodes.swift */; };
		F1D331B221BC417F003C2D05 /* ListHttpInterceptor.swift in Sources */ = {isa = PBXBuildFile; fileRef = F1D331B021BC4061003C2D05 /* ListHttpInterceptor.swift */; };
/* End PBXBuildFile section */

/* Begin PBXContainerItemProxy section */
		F138AE7521B388E600C79E62 /* PBXContainerItemProxy */ = {
			isa = PBXContainerItemProxy;
			containerPortal = F138AE6121B388E600C79E62 /* Project object */;
			proxyType = 1;
			remoteGlobalIDString = F138AE6921B388E600C79E62;
			remoteInfo = SwiftRestful;
		};
		F1AAE06921C0DAFB003B1565 /* PBXContainerItemProxy */ = {
			isa = PBXContainerItemProxy;
			containerPortal = F138AE6121B388E600C79E62 /* Project object */;
			proxyType = 1;
			remoteGlobalIDString = F1AAE05E21C0DAFA003B1565;
			remoteInfo = SwiftRestful;
		};
		F1AAE0E121C0E307003B1565 /* PBXContainerItemProxy */ = {
			isa = PBXContainerItemProxy;
			containerPortal = F138AE6121B388E600C79E62 /* Project object */;
			proxyType = 1;
			remoteGlobalIDString = F1AAE0D621C0E306003B1565;
			remoteInfo = SwiftRestful;
		};
/* End PBXContainerItemProxy section */

/* Begin PBXFileReference section */
		F1063DAB21BEBB17003855D9 /* RevokeData.swift */ = {isa = PBXFileReference; lastKnownFileType = sourcecode.swift; path = RevokeData.swift; sourceTree = "<group>"; };
		F138AE6A21B388E600C79E62 /* SwiftRestful.framework */ = {isa = PBXFileReference; explicitFileType = wrapper.framework; includeInIndex = 0; path = SwiftRestful.framework; sourceTree = BUILT_PRODUCTS_DIR; };
		F138AE6D21B388E600C79E62 /* SwiftRestful.h */ = {isa = PBXFileReference; lastKnownFileType = sourcecode.c.h; path = SwiftRestful.h; sourceTree = "<group>"; };
		F138AE6E21B388E600C79E62 /* Info.plist */ = {isa = PBXFileReference; lastKnownFileType = text.plist.xml; path = Info.plist; sourceTree = "<group>"; };
		F138AE7321B388E600C79E62 /* SwiftRestfulTests iOS.xctest */ = {isa = PBXFileReference; explicitFileType = wrapper.cfbundle; includeInIndex = 0; path = "SwiftRestfulTests iOS.xctest"; sourceTree = BUILT_PRODUCTS_DIR; };
		F138AE7A21B388E600C79E62 /* Info.plist */ = {isa = PBXFileReference; lastKnownFileType = text.plist.xml; path = Info.plist; sourceTree = "<group>"; };
		F138AE8521B38BC800C79E62 /* Cartfile */ = {isa = PBXFileReference; lastKnownFileType = text; path = Cartfile; sourceTree = "<group>"; };
		F138AE8821B38E3800C79E62 /* NamingConventions.framework */ = {isa = PBXFileReference; lastKnownFileType = wrapper.framework; name = NamingConventions.framework; path = Carthage/Build/iOS/NamingConventions.framework; sourceTree = "<group>"; };
		F138AE8E21B3915D00C79E62 /* Jsonable.swift */ = {isa = PBXFileReference; fileEncoding = 4; lastKnownFileType = sourcecode.swift; path = Jsonable.swift; sourceTree = "<group>"; };
		F138AE9721B3946200C79E62 /* JsonConversionTests.swift */ = {isa = PBXFileReference; fileEncoding = 4; lastKnownFileType = sourcecode.swift; path = JsonConversionTests.swift; sourceTree = "<group>"; };
		F138AEBF21B3A16D00C79E62 /* LoginResult.swift */ = {isa = PBXFileReference; fileEncoding = 4; lastKnownFileType = sourcecode.swift; path = LoginResult.swift; sourceTree = "<group>"; };
		F138AEC021B3A16D00C79E62 /* Timespan.swift */ = {isa = PBXFileReference; fileEncoding = 4; lastKnownFileType = sourcecode.swift; path = Timespan.swift; sourceTree = "<group>"; };
		F138AEC521B3A17800C79E62 /* HttpClient.swift */ = {isa = PBXFileReference; fileEncoding = 4; lastKnownFileType = sourcecode.swift; path = HttpClient.swift; sourceTree = "<group>"; };
		F138AEC621B3A17800C79E62 /* HttpRequestInterceptor.swift */ = {isa = PBXFileReference; fileEncoding = 4; lastKnownFileType = sourcecode.swift; path = HttpRequestInterceptor.swift; sourceTree = "<group>"; };
		F138AEC721B3A17800C79E62 /* HttpRequestParameters.swift */ = {isa = PBXFileReference; fileEncoding = 4; lastKnownFileType = sourcecode.swift; path = HttpRequestParameters.swift; sourceTree = "<group>"; };
		F138AEC821B3A17800C79E62 /* OAuthClinet.swift */ = {isa = PBXFileReference; fileEncoding = 4; lastKnownFileType = sourcecode.swift; path = OAuthClinet.swift; sourceTree = "<group>"; };
		F138AECE21B3A24B00C79E62 /* HttpClientTests.swift */ = {isa = PBXFileReference; fileEncoding = 4; lastKnownFileType = sourcecode.swift; path = HttpClientTests.swift; sourceTree = "<group>"; };
		F15623EF21B6E80D004B9469 /* Todo.swift */ = {isa = PBXFileReference; lastKnownFileType = sourcecode.swift; path = Todo.swift; sourceTree = "<group>"; };
		F15623F221B6EA4A004B9469 /* NamingRitchJsonable.swift */ = {isa = PBXFileReference; lastKnownFileType = sourcecode.swift; path = NamingRitchJsonable.swift; sourceTree = "<group>"; };
		F17B09D421B78D0000522B36 /* HttpApiClient.swift */ = {isa = PBXFileReference; lastKnownFileType = sourcecode.swift; path = HttpApiClient.swift; sourceTree = "<group>"; };
		F17B09D721B78E4F00522B36 /* RequestBuilderBase.swift */ = {isa = PBXFileReference; lastKnownFileType = sourcecode.swift; path = RequestBuilderBase.swift; sourceTree = "<group>"; };
		F17B09D921B793A700522B36 /* ParameterConversion.swift */ = {isa = PBXFileReference; lastKnownFileType = sourcecode.swift; path = ParameterConversion.swift; sourceTree = "<group>"; };
		F17B09DB21B79AE700522B36 /* CallbackConversion.swift */ = {isa = PBXFileReference; lastKnownFileType = sourcecode.swift; path = CallbackConversion.swift; sourceTree = "<group>"; };
		F17B09DD21B79DAA00522B36 /* GETRequestBuilder.swift */ = {isa = PBXFileReference; lastKnownFileType = sourcecode.swift; path = GETRequestBuilder.swift; sourceTree = "<group>"; };
		F17B09DF21B79DFC00522B36 /* POSTRequestBuilder.swift */ = {isa = PBXFileReference; lastKnownFileType = sourcecode.swift; path = POSTRequestBuilder.swift; sourceTree = "<group>"; };
		F17B09E121B79E3200522B36 /* PUTRequestBuilder.swift */ = {isa = PBXFileReference; lastKnownFileType = sourcecode.swift; path = PUTRequestBuilder.swift; sourceTree = "<group>"; };
		F17B09E321B79E3D00522B36 /* DELETERequestBuilder.swift */ = {isa = PBXFileReference; lastKnownFileType = sourcecode.swift; path = DELETERequestBuilder.swift; sourceTree = "<group>"; };
		F17B09E521B79E5000522B36 /* PATCHRequestBuilder.swift */ = {isa = PBXFileReference; lastKnownFileType = sourcecode.swift; path = PATCHRequestBuilder.swift; sourceTree = "<group>"; };
		F17B09E721B7A92500522B36 /* HttpApiClientTest.swift */ = {isa = PBXFileReference; lastKnownFileType = sourcecode.swift; path = HttpApiClientTest.swift; sourceTree = "<group>"; };
		F17B09EA21B7CEFF00522B36 /* HttpBinAnything.swift */ = {isa = PBXFileReference; lastKnownFileType = sourcecode.swift; path = HttpBinAnything.swift; sourceTree = "<group>"; };
		F17B09EC21B7E39800522B36 /* HttpbinTodo.swift */ = {isa = PBXFileReference; lastKnownFileType = sourcecode.swift; path = HttpbinTodo.swift; sourceTree = "<group>"; };
		F17FF97521BD1DC4008DF950 /* OAuthClientTests.swift */ = {isa = PBXFileReference; lastKnownFileType = sourcecode.swift; path = OAuthClientTests.swift; sourceTree = "<group>"; };
		F1838C9221B8E35800B579E6 /* HttpResponse.swift */ = {isa = PBXFileReference; lastKnownFileType = sourcecode.swift; path = HttpResponse.swift; sourceTree = "<group>"; };
		F1838C9421B8E37C00B579E6 /* HttpMethod.swift */ = {isa = PBXFileReference; lastKnownFileType = sourcecode.swift; path = HttpMethod.swift; sourceTree = "<group>"; };
		F1838C9621B8E3A000B579E6 /* HttpHeaderCollection.swift */ = {isa = PBXFileReference; lastKnownFileType = sourcecode.swift; path = HttpHeaderCollection.swift; sourceTree = "<group>"; };
		F1838C9821B8F3BC00B579E6 /* JsonConvert.swift */ = {isa = PBXFileReference; lastKnownFileType = sourcecode.swift; path = JsonConvert.swift; sourceTree = "<group>"; };
		F1838C9A21B8F3FD00B579E6 /* DataToJsonConversionResult.swift */ = {isa = PBXFileReference; lastKnownFileType = sourcecode.swift; path = DataToJsonConversionResult.swift; sourceTree = "<group>"; };
		F183A63521BC674F006CCCCF /* CredentialProvider.swift */ = {isa = PBXFileReference; lastKnownFileType = sourcecode.swift; path = CredentialProvider.swift; sourceTree = "<group>"; };
		F183A63721BC67A6006CCCCF /* Credentials.swift */ = {isa = PBXFileReference; lastKnownFileType = sourcecode.swift; path = Credentials.swift; sourceTree = "<group>"; };
		F1AAE01B21BFFF93003B1565 /* SwiftRestful.podspec */ = {isa = PBXFileReference; fileEncoding = 4; lastKnownFileType = text; path = SwiftRestful.podspec; sourceTree = "<group>"; };
		F1AAE05221C0D77F003B1565 /* SwiftRestful.framework */ = {isa = PBXFileReference; explicitFileType = wrapper.framework; includeInIndex = 0; path = SwiftRestful.framework; sourceTree = BUILT_PRODUCTS_DIR; };
		F1AAE05F21C0DAFA003B1565 /* SwiftRestful.framework */ = {isa = PBXFileReference; explicitFileType = wrapper.framework; includeInIndex = 0; path = SwiftRestful.framework; sourceTree = BUILT_PRODUCTS_DIR; };
		F1AAE06721C0DAFB003B1565 /* SwiftRestfulTests tvOS.xctest */ = {isa = PBXFileReference; explicitFileType = wrapper.cfbundle; includeInIndex = 0; path = "SwiftRestfulTests tvOS.xctest"; sourceTree = BUILT_PRODUCTS_DIR; };
		F1AAE09421C0DBD7003B1565 /* NamingConventions.framework */ = {isa = PBXFileReference; lastKnownFileType = wrapper.framework; name = NamingConventions.framework; path = Carthage/Build/watchOS/NamingConventions.framework; sourceTree = "<group>"; };
		F1AAE0BE21C0DC97003B1565 /* NamingConventions.framework */ = {isa = PBXFileReference; lastKnownFileType = wrapper.framework; name = NamingConventions.framework; path = Carthage/Build/tvOS/NamingConventions.framework; sourceTree = "<group>"; };
		F1AAE0D721C0E306003B1565 /* SwiftRestful.framework */ = {isa = PBXFileReference; explicitFileType = wrapper.framework; includeInIndex = 0; path = SwiftRestful.framework; sourceTree = BUILT_PRODUCTS_DIR; };
		F1AAE0DF21C0E307003B1565 /* SwiftRestfulTests macOS.xctest */ = {isa = PBXFileReference; explicitFileType = wrapper.cfbundle; includeInIndex = 0; path = "SwiftRestfulTests macOS.xctest"; sourceTree = BUILT_PRODUCTS_DIR; };
		F1AAE10D21C0E3CA003B1565 /* NamingConventions.framework */ = {isa = PBXFileReference; lastKnownFileType = wrapper.framework; name = NamingConventions.framework; path = Carthage/Build/Mac/NamingConventions.framework; sourceTree = "<group>"; };
		F1BB206F21B86EE400E99D60 /* HttpResponseStatus.swift */ = {isa = PBXFileReference; lastKnownFileType = sourcecode.swift; path = HttpResponseStatus.swift; sourceTree = "<group>"; };
		F1D331A421BB76D6003C2D05 /* CrudClient.swift */ = {isa = PBXFileReference; lastKnownFileType = sourcecode.swift; path = CrudClient.swift; sourceTree = "<group>"; };
		F1D331A621BBB7B1003C2D05 /* JsonableVoid.swift */ = {isa = PBXFileReference; lastKnownFileType = sourcecode.swift; path = JsonableVoid.swift; sourceTree = "<group>"; };
		F1D331A821BBBC9E003C2D05 /* CrudClientTests.swift */ = {isa = PBXFileReference; lastKnownFileType = sourcecode.swift; path = CrudClientTests.swift; sourceTree = "<group>"; };
		F1D331AA21BBD208003C2D05 /* ReqresUser.swift */ = {isa = PBXFileReference; lastKnownFileType = sourcecode.swift; path = ReqresUser.swift; sourceTree = "<group>"; };
		F1D331AD21BC1B38003C2D05 /* HttpResponseCodes.swift */ = {isa = PBXFileReference; lastKnownFileType = sourcecode.swift; path = HttpResponseCodes.swift; sourceTree = "<group>"; };
		F1D331B021BC4061003C2D05 /* ListHttpInterceptor.swift */ = {isa = PBXFileReference; lastKnownFileType = sourcecode.swift; path = ListHttpInterceptor.swift; sourceTree = "<group>"; };
/* End PBXFileReference section */

/* Begin PBXFrameworksBuildPhase section */
		F138AE6621B388E600C79E62 /* Frameworks */ = {
			isa = PBXFrameworksBuildPhase;
			buildActionMask = 2147483647;
			files = (
				F138AE8921B38E3800C79E62 /* NamingConventions.framework in Frameworks */,
			);
			runOnlyForDeploymentPostprocessing = 0;
		};
		F138AE7021B388E600C79E62 /* Frameworks */ = {
			isa = PBXFrameworksBuildPhase;
			buildActionMask = 2147483647;
			files = (
				F138AE9421B393B800C79E62 /* SwiftRestful.framework in Frameworks */,
			);
			runOnlyForDeploymentPostprocessing = 0;
		};
		F1AAE04E21C0D77F003B1565 /* Frameworks */ = {
			isa = PBXFrameworksBuildPhase;
			buildActionMask = 2147483647;
			files = (
				F1AAE09521C0DBD7003B1565 /* NamingConventions.framework in Frameworks */,
			);
			runOnlyForDeploymentPostprocessing = 0;
		};
		F1AAE05B21C0DAFA003B1565 /* Frameworks */ = {
			isa = PBXFrameworksBuildPhase;
			buildActionMask = 2147483647;
			files = (
				F1AAE0BF21C0DC97003B1565 /* NamingConventions.framework in Frameworks */,
			);
			runOnlyForDeploymentPostprocessing = 0;
		};
		F1AAE06421C0DAFB003B1565 /* Frameworks */ = {
			isa = PBXFrameworksBuildPhase;
			buildActionMask = 2147483647;
			files = (
				F1AAE06821C0DAFB003B1565 /* SwiftRestful.framework in Frameworks */,
			);
			runOnlyForDeploymentPostprocessing = 0;
		};
		F1AAE0D321C0E306003B1565 /* Frameworks */ = {
			isa = PBXFrameworksBuildPhase;
			buildActionMask = 2147483647;
			files = (
				F1AAE10E21C0E3CA003B1565 /* NamingConventions.framework in Frameworks */,
			);
			runOnlyForDeploymentPostprocessing = 0;
		};
		F1AAE0DC21C0E307003B1565 /* Frameworks */ = {
			isa = PBXFrameworksBuildPhase;
			buildActionMask = 2147483647;
			files = (
				F1AAE0E021C0E307003B1565 /* SwiftRestful.framework in Frameworks */,
			);
			runOnlyForDeploymentPostprocessing = 0;
		};
/* End PBXFrameworksBuildPhase section */

/* Begin PBXGroup section */
		F138AE6021B388E600C79E62 = {
			isa = PBXGroup;
			children = (
				F138AE8421B38B8000C79E62 /* PackageManagement */,
				F138AE6C21B388E600C79E62 /* SwiftRestful */,
				F138AE7721B388E600C79E62 /* SwiftRestfulTests */,
				F138AE6B21B388E600C79E62 /* Products */,
				F138AE8721B38E3800C79E62 /* Frameworks */,
			);
			sourceTree = "<group>";
		};
		F138AE6B21B388E600C79E62 /* Products */ = {
			isa = PBXGroup;
			children = (
				F138AE6A21B388E600C79E62 /* SwiftRestful.framework */,
				F138AE7321B388E600C79E62 /* SwiftRestfulTests iOS.xctest */,
				F1AAE05221C0D77F003B1565 /* SwiftRestful.framework */,
				F1AAE05F21C0DAFA003B1565 /* SwiftRestful.framework */,
				F1AAE06721C0DAFB003B1565 /* SwiftRestfulTests tvOS.xctest */,
				F1AAE0D721C0E306003B1565 /* SwiftRestful.framework */,
				F1AAE0DF21C0E307003B1565 /* SwiftRestfulTests macOS.xctest */,
			);
			name = Products;
			sourceTree = "<group>";
		};
		F138AE6C21B388E600C79E62 /* SwiftRestful */ = {
			isa = PBXGroup;
			children = (
				F138AEC321B3A17800C79E62 /* Network */,
				F138AEBE21B3A16D00C79E62 /* Models */,
				F138AE8B21B3915D00C79E62 /* JsonConversion */,
				F138AE6D21B388E600C79E62 /* SwiftRestful.h */,
				F138AE6E21B388E600C79E62 /* Info.plist */,
			);
			path = SwiftRestful;
			sourceTree = "<group>";
		};
		F138AE7721B388E600C79E62 /* SwiftRestfulTests */ = {
			isa = PBXGroup;
			children = (
				F15623F121B6E815004B9469 /* TestModels */,
				F138AECE21B3A24B00C79E62 /* HttpClientTests.swift */,
				F138AE9721B3946200C79E62 /* JsonConversionTests.swift */,
				F138AE7A21B388E600C79E62 /* Info.plist */,
				F17B09E721B7A92500522B36 /* HttpApiClientTest.swift */,
				F1D331A821BBBC9E003C2D05 /* CrudClientTests.swift */,
				F17FF97521BD1DC4008DF950 /* OAuthClientTests.swift */,
			);
			path = SwiftRestfulTests;
			sourceTree = "<group>";
		};
		F138AE8421B38B8000C79E62 /* PackageManagement */ = {
			isa = PBXGroup;
			children = (
				F1AAE01B21BFFF93003B1565 /* SwiftRestful.podspec */,
				F138AE8521B38BC800C79E62 /* Cartfile */,
			);
			name = PackageManagement;
			sourceTree = "<group>";
		};
		F138AE8721B38E3800C79E62 /* Frameworks */ = {
			isa = PBXGroup;
			children = (
				F1AAE10D21C0E3CA003B1565 /* NamingConventions.framework */,
				F1AAE0BE21C0DC97003B1565 /* NamingConventions.framework */,
				F1AAE09421C0DBD7003B1565 /* NamingConventions.framework */,
				F138AE8821B38E3800C79E62 /* NamingConventions.framework */,
			);
			name = Frameworks;
			sourceTree = "<group>";
		};
		F138AE8B21B3915D00C79E62 /* JsonConversion */ = {
			isa = PBXGroup;
			children = (
				F138AE8E21B3915D00C79E62 /* Jsonable.swift */,
				F15623F221B6EA4A004B9469 /* NamingRitchJsonable.swift */,
				F1838C9821B8F3BC00B579E6 /* JsonConvert.swift */,
				F1838C9A21B8F3FD00B579E6 /* DataToJsonConversionResult.swift */,
			);
			path = JsonConversion;
			sourceTree = "<group>";
		};
		F138AEBE21B3A16D00C79E62 /* Models */ = {
			isa = PBXGroup;
			children = (
				F138AEBF21B3A16D00C79E62 /* LoginResult.swift */,
				F138AEC021B3A16D00C79E62 /* Timespan.swift */,
				F1D331A621BBB7B1003C2D05 /* JsonableVoid.swift */,
				F183A63721BC67A6006CCCCF /* Credentials.swift */,
				F1063DAB21BEBB17003855D9 /* RevokeData.swift */,
			);
			path = Models;
			sourceTree = "<group>";
		};
		F138AEC321B3A17800C79E62 /* Network */ = {
			isa = PBXGroup;
			children = (
				F1D331AF21BC3DDC003C2D05 /* Interception */,
				F1BB207121B870C800E99D60 /* Utility */,
				F1BB206E21B86EBD00E99D60 /* HttpModels */,
				F17B09D621B78E2700522B36 /* RequestBuilders */,
				F138AEC521B3A17800C79E62 /* HttpClient.swift */,
				F138AEC821B3A17800C79E62 /* OAuthClinet.swift */,
				F17B09D421B78D0000522B36 /* HttpApiClient.swift */,
				F1D331A421BB76D6003C2D05 /* CrudClient.swift */,
			);
			path = Network;
			sourceTree = "<group>";
		};
		F15623F121B6E815004B9469 /* TestModels */ = {
			isa = PBXGroup;
			children = (
				F15623EF21B6E80D004B9469 /* Todo.swift */,
				F17B09EA21B7CEFF00522B36 /* HttpBinAnything.swift */,
				F17B09EC21B7E39800522B36 /* HttpbinTodo.swift */,
				F1D331AA21BBD208003C2D05 /* ReqresUser.swift */,
			);
			name = TestModels;
			sourceTree = "<group>";
		};
		F17B09D621B78E2700522B36 /* RequestBuilders */ = {
			isa = PBXGroup;
			children = (
				F17B09D721B78E4F00522B36 /* RequestBuilderBase.swift */,
				F17B09DD21B79DAA00522B36 /* GETRequestBuilder.swift */,
				F17B09DF21B79DFC00522B36 /* POSTRequestBuilder.swift */,
				F17B09E121B79E3200522B36 /* PUTRequestBuilder.swift */,
				F17B09E321B79E3D00522B36 /* DELETERequestBuilder.swift */,
				F17B09E521B79E5000522B36 /* PATCHRequestBuilder.swift */,
			);
			path = RequestBuilders;
			sourceTree = "<group>";
		};
		F1BB206E21B86EBD00E99D60 /* HttpModels */ = {
			isa = PBXGroup;
			children = (
				F138AEC721B3A17800C79E62 /* HttpRequestParameters.swift */,
				F1BB206F21B86EE400E99D60 /* HttpResponseStatus.swift */,
				F1838C9221B8E35800B579E6 /* HttpResponse.swift */,
				F1838C9421B8E37C00B579E6 /* HttpMethod.swift */,
				F1838C9621B8E3A000B579E6 /* HttpHeaderCollection.swift */,
				F1D331AD21BC1B38003C2D05 /* HttpResponseCodes.swift */,
			);
			path = HttpModels;
			sourceTree = "<group>";
		};
		F1BB207121B870C800E99D60 /* Utility */ = {
			isa = PBXGroup;
			children = (
				F17B09D921B793A700522B36 /* ParameterConversion.swift */,
				F17B09DB21B79AE700522B36 /* CallbackConversion.swift */,
			);
			path = Utility;
			sourceTree = "<group>";
		};
		F1D331AF21BC3DDC003C2D05 /* Interception */ = {
			isa = PBXGroup;
			children = (
				F138AEC621B3A17800C79E62 /* HttpRequestInterceptor.swift */,
				F1D331B021BC4061003C2D05 /* ListHttpInterceptor.swift */,
				F183A63521BC674F006CCCCF /* CredentialProvider.swift */,
			);
			name = Interception;
			sourceTree = "<group>";
		};
/* End PBXGroup section */

/* Begin PBXHeadersBuildPhase section */
		F138AE6721B388E600C79E62 /* Headers */ = {
			isa = PBXHeadersBuildPhase;
			buildActionMask = 2147483647;
			files = (
				F138AE7B21B388E600C79E62 /* SwiftRestful.h in Headers */,
			);
			runOnlyForDeploymentPostprocessing = 0;
		};
		F1AAE04F21C0D77F003B1565 /* Headers */ = {
			isa = PBXHeadersBuildPhase;
			buildActionMask = 2147483647;
			files = (
			);
			runOnlyForDeploymentPostprocessing = 0;
		};
		F1AAE05C21C0DAFA003B1565 /* Headers */ = {
			isa = PBXHeadersBuildPhase;
			buildActionMask = 2147483647;
			files = (
			);
			runOnlyForDeploymentPostprocessing = 0;
		};
		F1AAE0D421C0E306003B1565 /* Headers */ = {
			isa = PBXHeadersBuildPhase;
			buildActionMask = 2147483647;
			files = (
			);
			runOnlyForDeploymentPostprocessing = 0;
		};
/* End PBXHeadersBuildPhase section */

/* Begin PBXNativeTarget section */
		F138AE6921B388E600C79E62 /* SwiftRestful iOS */ = {
			isa = PBXNativeTarget;
			buildConfigurationList = F138AE7E21B388E600C79E62 /* Build configuration list for PBXNativeTarget "SwiftRestful iOS" */;
			buildPhases = (
				F138AE6521B388E600C79E62 /* Sources */,
				F138AE6621B388E600C79E62 /* Frameworks */,
				F138AE6721B388E600C79E62 /* Headers */,
				F138AE6821B388E600C79E62 /* Resources */,
				F138AE8A21B38E5B00C79E62 /* ShellScript */,
			);
			buildRules = (
			);
			dependencies = (
			);
			name = "SwiftRestful iOS";
			productName = SwiftRestful;
			productReference = F138AE6A21B388E600C79E62 /* SwiftRestful.framework */;
			productType = "com.apple.product-type.framework";
		};
		F138AE7221B388E600C79E62 /* SwiftRestfulTests iOS */ = {
			isa = PBXNativeTarget;
			buildConfigurationList = F138AE8121B388E600C79E62 /* Build configuration list for PBXNativeTarget "SwiftRestfulTests iOS" */;
			buildPhases = (
				F138AE6F21B388E600C79E62 /* Sources */,
				F138AE7021B388E600C79E62 /* Frameworks */,
				F138AE7121B388E600C79E62 /* Resources */,
			);
			buildRules = (
			);
			dependencies = (
				F138AE7621B388E600C79E62 /* PBXTargetDependency */,
			);
			name = "SwiftRestfulTests iOS";
			productName = SwiftRestfulTests;
			productReference = F138AE7321B388E600C79E62 /* SwiftRestfulTests iOS.xctest */;
			productType = "com.apple.product-type.bundle.unit-test";
		};
		F1AAE05121C0D77F003B1565 /* SwiftRestful watchOS */ = {
			isa = PBXNativeTarget;
			buildConfigurationList = F1AAE05721C0D77F003B1565 /* Build configuration list for PBXNativeTarget "SwiftRestful watchOS" */;
			buildPhases = (
				F1AAE04D21C0D77F003B1565 /* Sources */,
				F1AAE04E21C0D77F003B1565 /* Frameworks */,
				F1AAE04F21C0D77F003B1565 /* Headers */,
				F1AAE05021C0D77F003B1565 /* Resources */,
				F1AAE09621C0DBE1003B1565 /* ShellScript */,
			);
			buildRules = (
			);
			dependencies = (
			);
			name = "SwiftRestful watchOS";
			productName = SwiftRestful;
			productReference = F1AAE05221C0D77F003B1565 /* SwiftRestful.framework */;
			productType = "com.apple.product-type.framework";
		};
		F1AAE05E21C0DAFA003B1565 /* SwiftRestful tvOS */ = {
			isa = PBXNativeTarget;
			buildConfigurationList = F1AAE07021C0DAFB003B1565 /* Build configuration list for PBXNativeTarget "SwiftRestful tvOS" */;
			buildPhases = (
				F1AAE05A21C0DAFA003B1565 /* Sources */,
				F1AAE05B21C0DAFA003B1565 /* Frameworks */,
				F1AAE05C21C0DAFA003B1565 /* Headers */,
				F1AAE05D21C0DAFA003B1565 /* Resources */,
				F1AAE0C021C0DCA0003B1565 /* ShellScript */,
			);
			buildRules = (
			);
			dependencies = (
			);
			name = "SwiftRestful tvOS";
			productName = SwiftRestful;
			productReference = F1AAE05F21C0DAFA003B1565 /* SwiftRestful.framework */;
			productType = "com.apple.product-type.framework";
		};
		F1AAE06621C0DAFB003B1565 /* SwiftRestfulTests tvOS */ = {
			isa = PBXNativeTarget;
			buildConfigurationList = F1AAE07321C0DAFB003B1565 /* Build configuration list for PBXNativeTarget "SwiftRestfulTests tvOS" */;
			buildPhases = (
				F1AAE06321C0DAFB003B1565 /* Sources */,
				F1AAE06421C0DAFB003B1565 /* Frameworks */,
				F1AAE06521C0DAFB003B1565 /* Resources */,
			);
			buildRules = (
			);
			dependencies = (
				F1AAE06A21C0DAFB003B1565 /* PBXTargetDependency */,
			);
			name = "SwiftRestfulTests tvOS";
			productName = SwiftRestfulTests;
			productReference = F1AAE06721C0DAFB003B1565 /* SwiftRestfulTests tvOS.xctest */;
			productType = "com.apple.product-type.bundle.unit-test";
		};
		F1AAE0D621C0E306003B1565 /* SwiftRestful macOS */ = {
			isa = PBXNativeTarget;
			buildConfigurationList = F1AAE0E821C0E307003B1565 /* Build configuration list for PBXNativeTarget "SwiftRestful macOS" */;
			buildPhases = (
				F1AAE0D221C0E306003B1565 /* Sources */,
				F1AAE0D321C0E306003B1565 /* Frameworks */,
				F1AAE0D421C0E306003B1565 /* Headers */,
				F1AAE0D521C0E306003B1565 /* Resources */,
				F1AAE10F21C0E3DD003B1565 /* ShellScript */,
			);
			buildRules = (
			);
			dependencies = (
			);
			name = "SwiftRestful macOS";
			productName = SwiftRestful;
			productReference = F1AAE0D721C0E306003B1565 /* SwiftRestful.framework */;
			productType = "com.apple.product-type.framework";
		};
		F1AAE0DE21C0E307003B1565 /* SwiftRestfulTests macOS */ = {
			isa = PBXNativeTarget;
			buildConfigurationList = F1AAE0EB21C0E307003B1565 /* Build configuration list for PBXNativeTarget "SwiftRestfulTests macOS" */;
			buildPhases = (
				F1AAE0DB21C0E307003B1565 /* Sources */,
				F1AAE0DC21C0E307003B1565 /* Frameworks */,
				F1AAE0DD21C0E307003B1565 /* Resources */,
			);
			buildRules = (
			);
			dependencies = (
				F1AAE0E221C0E307003B1565 /* PBXTargetDependency */,
			);
			name = "SwiftRestfulTests macOS";
			productName = SwiftRestfulTests;
			productReference = F1AAE0DF21C0E307003B1565 /* SwiftRestfulTests macOS.xctest */;
			productType = "com.apple.product-type.bundle.unit-test";
		};
/* End PBXNativeTarget section */

/* Begin PBXProject section */
		F138AE6121B388E600C79E62 /* Project object */ = {
			isa = PBXProject;
			attributes = {
				LastSwiftUpdateCheck = 0910;
				LastUpgradeCheck = 0910;
				ORGANIZATIONNAME = "Mani Moayedi";
				TargetAttributes = {
					F138AE6921B388E600C79E62 = {
						CreatedOnToolsVersion = 9.1;
						ProvisioningStyle = Automatic;
					};
					F138AE7221B388E600C79E62 = {
						CreatedOnToolsVersion = 9.1;
						ProvisioningStyle = Automatic;
					};
					F1AAE05121C0D77F003B1565 = {
						CreatedOnToolsVersion = 9.1;
						ProvisioningStyle = Automatic;
					};
					F1AAE05E21C0DAFA003B1565 = {
						CreatedOnToolsVersion = 9.1;
						ProvisioningStyle = Automatic;
					};
					F1AAE06621C0DAFB003B1565 = {
						CreatedOnToolsVersion = 9.1;
						ProvisioningStyle = Automatic;
					};
					F1AAE0D621C0E306003B1565 = {
						CreatedOnToolsVersion = 9.1;
						ProvisioningStyle = Automatic;
					};
					F1AAE0DE21C0E307003B1565 = {
						CreatedOnToolsVersion = 9.1;
						ProvisioningStyle = Automatic;
					};
				};
			};
			buildConfigurationList = F138AE6421B388E600C79E62 /* Build configuration list for PBXProject "SwiftRestful" */;
			compatibilityVersion = "Xcode 8.0";
			developmentRegion = en;
			hasScannedForEncodings = 0;
			knownRegions = (
				en,
			);
			mainGroup = F138AE6021B388E600C79E62;
			productRefGroup = F138AE6B21B388E600C79E62 /* Products */;
			projectDirPath = "";
			projectRoot = "";
			targets = (
				F138AE6921B388E600C79E62 /* SwiftRestful iOS */,
				F138AE7221B388E600C79E62 /* SwiftRestfulTests iOS */,
				F1AAE05121C0D77F003B1565 /* SwiftRestful watchOS */,
				F1AAE05E21C0DAFA003B1565 /* SwiftRestful tvOS */,
				F1AAE06621C0DAFB003B1565 /* SwiftRestfulTests tvOS */,
				F1AAE0D621C0E306003B1565 /* SwiftRestful macOS */,
				F1AAE0DE21C0E307003B1565 /* SwiftRestfulTests macOS */,
			);
		};
/* End PBXProject section */

/* Begin PBXResourcesBuildPhase section */
		F138AE6821B388E600C79E62 /* Resources */ = {
			isa = PBXResourcesBuildPhase;
			buildActionMask = 2147483647;
			files = (
				F1AAE01C21BFFF93003B1565 /* SwiftRestful.podspec in Resources */,
				F138AE8621B38BC800C79E62 /* Cartfile in Resources */,
			);
			runOnlyForDeploymentPostprocessing = 0;
		};
		F138AE7121B388E600C79E62 /* Resources */ = {
			isa = PBXResourcesBuildPhase;
			buildActionMask = 2147483647;
			files = (
			);
			runOnlyForDeploymentPostprocessing = 0;
		};
		F1AAE05021C0D77F003B1565 /* Resources */ = {
			isa = PBXResourcesBuildPhase;
			buildActionMask = 2147483647;
			files = (
			);
			runOnlyForDeploymentPostprocessing = 0;
		};
		F1AAE05D21C0DAFA003B1565 /* Resources */ = {
			isa = PBXResourcesBuildPhase;
			buildActionMask = 2147483647;
			files = (
			);
			runOnlyForDeploymentPostprocessing = 0;
		};
		F1AAE06521C0DAFB003B1565 /* Resources */ = {
			isa = PBXResourcesBuildPhase;
			buildActionMask = 2147483647;
			files = (
			);
			runOnlyForDeploymentPostprocessing = 0;
		};
		F1AAE0D521C0E306003B1565 /* Resources */ = {
			isa = PBXResourcesBuildPhase;
			buildActionMask = 2147483647;
			files = (
			);
			runOnlyForDeploymentPostprocessing = 0;
		};
		F1AAE0DD21C0E307003B1565 /* Resources */ = {
			isa = PBXResourcesBuildPhase;
			buildActionMask = 2147483647;
			files = (
			);
			runOnlyForDeploymentPostprocessing = 0;
		};
/* End PBXResourcesBuildPhase section */

/* Begin PBXShellScriptBuildPhase section */
		F138AE8A21B38E5B00C79E62 /* ShellScript */ = {
			isa = PBXShellScriptBuildPhase;
			buildActionMask = 2147483647;
			files = (
			);
			inputPaths = (
				"$(SRCROOT)/Carthage/Build/iOS/NamingConventions.framework",
			);
			outputPaths = (
			);
			runOnlyForDeploymentPostprocessing = 0;
			shellPath = /bin/sh;
			shellScript = "/usr/local/bin/carthage copy-frameworks";
		};
		F1AAE09621C0DBE1003B1565 /* ShellScript */ = {
			isa = PBXShellScriptBuildPhase;
			buildActionMask = 2147483647;
			files = (
			);
			inputPaths = (
				"$(SRCROOT)/Carthage/Build/watchOS/NamingConventions.framework",
			);
			outputPaths = (
			);
			runOnlyForDeploymentPostprocessing = 0;
			shellPath = /bin/sh;
			shellScript = "/usr/local/bin/carthage copy-frameworks";
		};
		F1AAE0C021C0DCA0003B1565 /* ShellScript */ = {
			isa = PBXShellScriptBuildPhase;
			buildActionMask = 2147483647;
			files = (
			);
			inputPaths = (
				"$(SRCROOT)/Carthage/Build/tvOS/NamingConventions.framework",
			);
			outputPaths = (
			);
			runOnlyForDeploymentPostprocessing = 0;
			shellPath = /bin/sh;
			shellScript = "/usr/local/bin/carthage copy-frameworks";
		};
		F1AAE10F21C0E3DD003B1565 /* ShellScript */ = {
			isa = PBXShellScriptBuildPhase;
			buildActionMask = 2147483647;
			files = (
			);
			inputPaths = (
				"$(SRCROOT)/Carthage/Build/Mac/NamingConventions.framework",
			);
			outputPaths = (
			);
			runOnlyForDeploymentPostprocessing = 0;
			shellPath = /bin/sh;
			shellScript = "/usr/local/bin/carthage copy-frameworks";
		};
/* End PBXShellScriptBuildPhase section */

/* Begin PBXSourcesBuildPhase section */
		F138AE6521B388E600C79E62 /* Sources */ = {
			isa = PBXSourcesBuildPhase;
			buildActionMask = 2147483647;
			files = (
				F17B09DA21B793A700522B36 /* ParameterConversion.swift in Sources */,
				F138AECA21B3A17800C79E62 /* HttpClient.swift in Sources */,
				F17B09E421B79E3D00522B36 /* DELETERequestBuilder.swift in Sources */,
				F183A63821BC67A6006CCCCF /* Credentials.swift in Sources */,
				F1063DAC21BEBB17003855D9 /* RevokeData.swift in Sources */,
				F17B09DE21B79DAA00522B36 /* GETRequestBuilder.swift in Sources */,
				F138AEC221B3A16D00C79E62 /* Timespan.swift in Sources */,
				F138AECC21B3A17800C79E62 /* HttpRequestParameters.swift in Sources */,
				F138AEC121B3A16D00C79E62 /* LoginResult.swift in Sources */,
				F1838C9321B8E35800B579E6 /* HttpResponse.swift in Sources */,
				F1838C9721B8E3A000B579E6 /* HttpHeaderCollection.swift in Sources */,
				F1838C9921B8F3BC00B579E6 /* JsonConvert.swift in Sources */,
				F1838C9B21B8F3FD00B579E6 /* DataToJsonConversionResult.swift in Sources */,
				F1D331B221BC417F003C2D05 /* ListHttpInterceptor.swift in Sources */,
				F1D331A521BB76D6003C2D05 /* CrudClient.swift in Sources */,
				F138AECD21B3A17800C79E62 /* OAuthClinet.swift in Sources */,
				F138AE9021B3915D00C79E62 /* Jsonable.swift in Sources */,
				F17B09E021B79DFC00522B36 /* POSTRequestBuilder.swift in Sources */,
				F17B09E221B79E3200522B36 /* PUTRequestBuilder.swift in Sources */,
				F15623F321B6EA4A004B9469 /* NamingRitchJsonable.swift in Sources */,
				F17B09D521B78D0000522B36 /* HttpApiClient.swift in Sources */,
				F1838C9521B8E37C00B579E6 /* HttpMethod.swift in Sources */,
				F17B09D821B78E4F00522B36 /* RequestBuilderBase.swift in Sources */,
				F183A63621BC674F006CCCCF /* CredentialProvider.swift in Sources */,
				F17B09E621B79E5000522B36 /* PATCHRequestBuilder.swift in Sources */,
				F17B09DC21B79AE700522B36 /* CallbackConversion.swift in Sources */,
				F1D331A721BBB7B1003C2D05 /* JsonableVoid.swift in Sources */,
				F1BB207021B86EE400E99D60 /* HttpResponseStatus.swift in Sources */,
				F138AECB21B3A17800C79E62 /* HttpRequestInterceptor.swift in Sources */,
			);
			runOnlyForDeploymentPostprocessing = 0;
		};
		F138AE6F21B388E600C79E62 /* Sources */ = {
			isa = PBXSourcesBuildPhase;
			buildActionMask = 2147483647;
			files = (
				F1AAE0CE21C0DDEC003B1565 /* Todo.swift in Sources */,
				F17FF97721BD1DE6008DF950 /* OAuthClientTests.swift in Sources */,
				F1D331A921BBBC9E003C2D05 /* CrudClientTests.swift in Sources */,
				F1AAE0CF21C0DF03003B1565 /* HttpBinAnything.swift in Sources */,
				F1AAE0D121C0DF26003B1565 /* ReqresUser.swift in Sources */,
				F138AED021B3A27100C79E62 /* HttpClientTests.swift in Sources */,
				F1AAE0D021C0DF0A003B1565 /* HttpbinTodo.swift in Sources */,
				F138AE9921B39ACE00C79E62 /* JsonConversionTests.swift in Sources */,
				F1D331AE21BC1B38003C2D05 /* HttpResponseCodes.swift in Sources */,
				F17B09E921B7A96D00522B36 /* HttpApiClientTest.swift in Sources */,
			);
			runOnlyForDeploymentPostprocessing = 0;
		};
		F1AAE04D21C0D77F003B1565 /* Sources */ = {
			isa = PBXSourcesBuildPhase;
			buildActionMask = 2147483647;
			files = (
				F1AAE07621C0DB9D003B1565 /* HttpRequestInterceptor.swift in Sources */,
				F1AAE07721C0DB9D003B1565 /* ListHttpInterceptor.swift in Sources */,
				F1AAE07821C0DB9D003B1565 /* CredentialProvider.swift in Sources */,
				F1AAE07921C0DB9D003B1565 /* ParameterConversion.swift in Sources */,
				F1AAE07A21C0DB9D003B1565 /* CallbackConversion.swift in Sources */,
				F1AAE07B21C0DB9D003B1565 /* HttpRequestParameters.swift in Sources */,
				F1AAE07C21C0DB9D003B1565 /* HttpResponseStatus.swift in Sources */,
				F1AAE07D21C0DB9D003B1565 /* HttpResponse.swift in Sources */,
				F1AAE07E21C0DB9D003B1565 /* HttpMethod.swift in Sources */,
				F1AAE07F21C0DB9D003B1565 /* HttpHeaderCollection.swift in Sources */,
				F1AAE08021C0DB9D003B1565 /* HttpResponseCodes.swift in Sources */,
				F1AAE08121C0DB9D003B1565 /* RequestBuilderBase.swift in Sources */,
				F1AAE08221C0DB9D003B1565 /* GETRequestBuilder.swift in Sources */,
				F1AAE08321C0DB9D003B1565 /* POSTRequestBuilder.swift in Sources */,
				F1AAE08421C0DB9D003B1565 /* PUTRequestBuilder.swift in Sources */,
				F1AAE08521C0DB9D003B1565 /* DELETERequestBuilder.swift in Sources */,
				F1AAE08621C0DB9D003B1565 /* PATCHRequestBuilder.swift in Sources */,
				F1AAE08721C0DB9D003B1565 /* HttpClient.swift in Sources */,
				F1AAE08821C0DB9D003B1565 /* OAuthClinet.swift in Sources */,
				F1AAE08921C0DB9D003B1565 /* HttpApiClient.swift in Sources */,
				F1AAE08A21C0DB9D003B1565 /* CrudClient.swift in Sources */,
				F1AAE08B21C0DB9D003B1565 /* LoginResult.swift in Sources */,
				F1AAE08C21C0DB9D003B1565 /* Timespan.swift in Sources */,
				F1AAE08D21C0DB9D003B1565 /* JsonableVoid.swift in Sources */,
				F1AAE08E21C0DB9D003B1565 /* Credentials.swift in Sources */,
				F1AAE08F21C0DB9D003B1565 /* RevokeData.swift in Sources */,
				F1AAE09021C0DB9D003B1565 /* Jsonable.swift in Sources */,
				F1AAE09121C0DB9D003B1565 /* NamingRitchJsonable.swift in Sources */,
				F1AAE09221C0DB9D003B1565 /* JsonConvert.swift in Sources */,
				F1AAE09321C0DB9D003B1565 /* DataToJsonConversionResult.swift in Sources */,
			);
			runOnlyForDeploymentPostprocessing = 0;
		};
		F1AAE05A21C0DAFA003B1565 /* Sources */ = {
			isa = PBXSourcesBuildPhase;
			buildActionMask = 2147483647;
			files = (
				F1AAE09721C0DC64003B1565 /* HttpRequestInterceptor.swift in Sources */,
				F1AAE09821C0DC64003B1565 /* ListHttpInterceptor.swift in Sources */,
				F1AAE09921C0DC64003B1565 /* CredentialProvider.swift in Sources */,
				F1AAE09A21C0DC64003B1565 /* ParameterConversion.swift in Sources */,
				F1AAE09B21C0DC64003B1565 /* CallbackConversion.swift in Sources */,
				F1AAE09C21C0DC64003B1565 /* HttpRequestParameters.swift in Sources */,
				F1AAE09D21C0DC64003B1565 /* HttpResponseStatus.swift in Sources */,
				F1AAE09E21C0DC64003B1565 /* HttpResponse.swift in Sources */,
				F1AAE09F21C0DC64003B1565 /* HttpMethod.swift in Sources */,
				F1AAE0A021C0DC64003B1565 /* HttpHeaderCollection.swift in Sources */,
				F1AAE0A121C0DC64003B1565 /* HttpResponseCodes.swift in Sources */,
				F1AAE0A221C0DC64003B1565 /* RequestBuilderBase.swift in Sources */,
				F1AAE0A321C0DC64003B1565 /* GETRequestBuilder.swift in Sources */,
				F1AAE0A421C0DC64003B1565 /* POSTRequestBuilder.swift in Sources */,
				F1AAE0A521C0DC64003B1565 /* PUTRequestBuilder.swift in Sources */,
				F1AAE0A621C0DC64003B1565 /* DELETERequestBuilder.swift in Sources */,
				F1AAE0A721C0DC64003B1565 /* PATCHRequestBuilder.swift in Sources */,
				F1AAE0A821C0DC64003B1565 /* HttpClient.swift in Sources */,
				F1AAE0A921C0DC64003B1565 /* OAuthClinet.swift in Sources */,
				F1AAE0AA21C0DC64003B1565 /* HttpApiClient.swift in Sources */,
				F1AAE0AB21C0DC64003B1565 /* CrudClient.swift in Sources */,
				F1AAE0AC21C0DC64003B1565 /* LoginResult.swift in Sources */,
				F1AAE0AD21C0DC64003B1565 /* Timespan.swift in Sources */,
				F1AAE0AE21C0DC64003B1565 /* JsonableVoid.swift in Sources */,
				F1AAE0AF21C0DC64003B1565 /* Credentials.swift in Sources */,
				F1AAE0B021C0DC64003B1565 /* RevokeData.swift in Sources */,
				F1AAE0B121C0DC64003B1565 /* Jsonable.swift in Sources */,
				F1AAE0B221C0DC64003B1565 /* NamingRitchJsonable.swift in Sources */,
				F1AAE0B321C0DC64003B1565 /* JsonConvert.swift in Sources */,
				F1AAE0B421C0DC64003B1565 /* DataToJsonConversionResult.swift in Sources */,
			);
			runOnlyForDeploymentPostprocessing = 0;
		};
		F1AAE06321C0DAFB003B1565 /* Sources */ = {
			isa = PBXSourcesBuildPhase;
			buildActionMask = 2147483647;
			files = (
				F1AAE0C121C0DCF7003B1565 /* Todo.swift in Sources */,
				F1AAE0C221C0DCF7003B1565 /* HttpBinAnything.swift in Sources */,
				F1AAE0C321C0DCF7003B1565 /* HttpbinTodo.swift in Sources */,
				F1AAE0C421C0DCF7003B1565 /* ReqresUser.swift in Sources */,
				F1AAE0C521C0DCF7003B1565 /* HttpClientTests.swift in Sources */,
				F1AAE0C621C0DCF7003B1565 /* JsonConversionTests.swift in Sources */,
				F1AAE0C721C0DCF7003B1565 /* HttpApiClientTest.swift in Sources */,
				F1AAE0C821C0DCF7003B1565 /* CrudClientTests.swift in Sources */,
				F1AAE0C921C0DCF7003B1565 /* OAuthClientTests.swift in Sources */,
			);
			runOnlyForDeploymentPostprocessing = 0;
		};
		F1AAE0D221C0E306003B1565 /* Sources */ = {
			isa = PBXSourcesBuildPhase;
			buildActionMask = 2147483647;
			files = (
				F1AAE0EF21C0E3B6003B1565 /* HttpRequestInterceptor.swift in Sources */,
				F1AAE0F021C0E3B6003B1565 /* ListHttpInterceptor.swift in Sources */,
				F1AAE0F121C0E3B6003B1565 /* CredentialProvider.swift in Sources */,
				F1AAE0F221C0E3B6003B1565 /* ParameterConversion.swift in Sources */,
				F1AAE0F321C0E3B6003B1565 /* CallbackConversion.swift in Sources */,
				F1AAE0F421C0E3B6003B1565 /* HttpRequestParameters.swift in Sources */,
				F1AAE0F521C0E3B6003B1565 /* HttpResponseStatus.swift in Sources */,
				F1AAE0F621C0E3B6003B1565 /* HttpResponse.swift in Sources */,
				F1AAE0F721C0E3B6003B1565 /* HttpMethod.swift in Sources */,
				F1AAE0F821C0E3B6003B1565 /* HttpHeaderCollection.swift in Sources */,
				F1AAE0F921C0E3B6003B1565 /* HttpResponseCodes.swift in Sources */,
				F1AAE0FA21C0E3B6003B1565 /* RequestBuilderBase.swift in Sources */,
				F1AAE0FB21C0E3B6003B1565 /* GETRequestBuilder.swift in Sources */,
				F1AAE0FC21C0E3B6003B1565 /* POSTRequestBuilder.swift in Sources */,
				F1AAE0FD21C0E3B6003B1565 /* PUTRequestBuilder.swift in Sources */,
				F1AAE0FE21C0E3B6003B1565 /* DELETERequestBuilder.swift in Sources */,
				F1AAE0FF21C0E3B6003B1565 /* PATCHRequestBuilder.swift in Sources */,
				F1AAE10021C0E3B6003B1565 /* HttpClient.swift in Sources */,
				F1AAE10121C0E3B6003B1565 /* OAuthClinet.swift in Sources */,
				F1AAE10221C0E3B6003B1565 /* HttpApiClient.swift in Sources */,
				F1AAE10321C0E3B6003B1565 /* CrudClient.swift in Sources */,
				F1AAE10421C0E3B6003B1565 /* LoginResult.swift in Sources */,
				F1AAE10521C0E3B6003B1565 /* Timespan.swift in Sources */,
				F1AAE10621C0E3B6003B1565 /* JsonableVoid.swift in Sources */,
				F1AAE10721C0E3B6003B1565 /* Credentials.swift in Sources */,
				F1AAE10821C0E3B6003B1565 /* RevokeData.swift in Sources */,
				F1AAE10921C0E3B6003B1565 /* Jsonable.swift in Sources */,
				F1AAE10A21C0E3B6003B1565 /* NamingRitchJsonable.swift in Sources */,
				F1AAE10B21C0E3B6003B1565 /* JsonConvert.swift in Sources */,
				F1AAE10C21C0E3B6003B1565 /* DataToJsonConversionResult.swift in Sources */,
			);
			runOnlyForDeploymentPostprocessing = 0;
		};
		F1AAE0DB21C0E307003B1565 /* Sources */ = {
			isa = PBXSourcesBuildPhase;
			buildActionMask = 2147483647;
			files = (
				F1AAE11021C0E42E003B1565 /* Todo.swift in Sources */,
				F1AAE11121C0E42E003B1565 /* HttpBinAnything.swift in Sources */,
				F1AAE11221C0E42E003B1565 /* HttpbinTodo.swift in Sources */,
				F1AAE11321C0E42E003B1565 /* ReqresUser.swift in Sources */,
				F1AAE11421C0E42E003B1565 /* HttpClientTests.swift in Sources */,
				F1AAE11521C0E42E003B1565 /* JsonConversionTests.swift in Sources */,
				F1AAE11621C0E42E003B1565 /* HttpApiClientTest.swift in Sources */,
				F1AAE11721C0E42E003B1565 /* CrudClientTests.swift in Sources */,
				F1AAE11821C0E42E003B1565 /* OAuthClientTests.swift in Sources */,
			);
			runOnlyForDeploymentPostprocessing = 0;
		};
/* End PBXSourcesBuildPhase section */

/* Begin PBXTargetDependency section */
		F138AE7621B388E600C79E62 /* PBXTargetDependency */ = {
			isa = PBXTargetDependency;
			target = F138AE6921B388E600C79E62 /* SwiftRestful iOS */;
			targetProxy = F138AE7521B388E600C79E62 /* PBXContainerItemProxy */;
		};
		F1AAE06A21C0DAFB003B1565 /* PBXTargetDependency */ = {
			isa = PBXTargetDependency;
			target = F1AAE05E21C0DAFA003B1565 /* SwiftRestful tvOS */;
			targetProxy = F1AAE06921C0DAFB003B1565 /* PBXContainerItemProxy */;
		};
		F1AAE0E221C0E307003B1565 /* PBXTargetDependency */ = {
			isa = PBXTargetDependency;
			target = F1AAE0D621C0E306003B1565 /* SwiftRestful macOS */;
			targetProxy = F1AAE0E121C0E307003B1565 /* PBXContainerItemProxy */;
		};
/* End PBXTargetDependency section */

/* Begin XCBuildConfiguration section */
		F138AE7C21B388E600C79E62 /* Debug */ = {
			isa = XCBuildConfiguration;
			buildSettings = {
				ALWAYS_SEARCH_USER_PATHS = NO;
				CLANG_ANALYZER_NONNULL = YES;
				CLANG_ANALYZER_NUMBER_OBJECT_CONVERSION = YES_AGGRESSIVE;
				CLANG_CXX_LANGUAGE_STANDARD = "gnu++14";
				CLANG_CXX_LIBRARY = "libc++";
				CLANG_ENABLE_MODULES = YES;
				CLANG_ENABLE_OBJC_ARC = YES;
				CLANG_WARN_BLOCK_CAPTURE_AUTORELEASING = YES;
				CLANG_WARN_BOOL_CONVERSION = YES;
				CLANG_WARN_COMMA = YES;
				CLANG_WARN_CONSTANT_CONVERSION = YES;
				CLANG_WARN_DIRECT_OBJC_ISA_USAGE = YES_ERROR;
				CLANG_WARN_DOCUMENTATION_COMMENTS = YES;
				CLANG_WARN_EMPTY_BODY = YES;
				CLANG_WARN_ENUM_CONVERSION = YES;
				CLANG_WARN_INFINITE_RECURSION = YES;
				CLANG_WARN_INT_CONVERSION = YES;
				CLANG_WARN_NON_LITERAL_NULL_CONVERSION = YES;
				CLANG_WARN_OBJC_LITERAL_CONVERSION = YES;
				CLANG_WARN_OBJC_ROOT_CLASS = YES_ERROR;
				CLANG_WARN_RANGE_LOOP_ANALYSIS = YES;
				CLANG_WARN_STRICT_PROTOTYPES = YES;
				CLANG_WARN_SUSPICIOUS_MOVE = YES;
				CLANG_WARN_UNGUARDED_AVAILABILITY = YES_AGGRESSIVE;
				CLANG_WARN_UNREACHABLE_CODE = YES;
				CLANG_WARN__DUPLICATE_METHOD_MATCH = YES;
				CODE_SIGN_IDENTITY = "iPhone Developer";
				COPY_PHASE_STRIP = NO;
				CURRENT_PROJECT_VERSION = 3;
				DEBUG_INFORMATION_FORMAT = dwarf;
				ENABLE_STRICT_OBJC_MSGSEND = YES;
				ENABLE_TESTABILITY = YES;
				GCC_C_LANGUAGE_STANDARD = gnu11;
				GCC_DYNAMIC_NO_PIC = NO;
				GCC_NO_COMMON_BLOCKS = YES;
				GCC_OPTIMIZATION_LEVEL = 0;
				GCC_PREPROCESSOR_DEFINITIONS = (
					"DEBUG=1",
					"$(inherited)",
				);
				GCC_WARN_64_TO_32_BIT_CONVERSION = YES;
				GCC_WARN_ABOUT_RETURN_TYPE = YES_ERROR;
				GCC_WARN_UNDECLARED_SELECTOR = YES;
				GCC_WARN_UNINITIALIZED_AUTOS = YES_AGGRESSIVE;
				GCC_WARN_UNUSED_FUNCTION = YES;
				GCC_WARN_UNUSED_VARIABLE = YES;
				IPHONEOS_DEPLOYMENT_TARGET = 9.3;
				MTL_ENABLE_DEBUG_INFO = YES;
				ONLY_ACTIVE_ARCH = YES;
				SDKROOT = iphoneos;
				SWIFT_ACTIVE_COMPILATION_CONDITIONS = DEBUG;
				SWIFT_OPTIMIZATION_LEVEL = "-Onone";
				VERSIONING_SYSTEM = "apple-generic";
				VERSION_INFO_PREFIX = "";
			};
			name = Debug;
		};
		F138AE7D21B388E600C79E62 /* Release */ = {
			isa = XCBuildConfiguration;
			buildSettings = {
				ALWAYS_SEARCH_USER_PATHS = NO;
				CLANG_ANALYZER_NONNULL = YES;
				CLANG_ANALYZER_NUMBER_OBJECT_CONVERSION = YES_AGGRESSIVE;
				CLANG_CXX_LANGUAGE_STANDARD = "gnu++14";
				CLANG_CXX_LIBRARY = "libc++";
				CLANG_ENABLE_MODULES = YES;
				CLANG_ENABLE_OBJC_ARC = YES;
				CLANG_WARN_BLOCK_CAPTURE_AUTORELEASING = YES;
				CLANG_WARN_BOOL_CONVERSION = YES;
				CLANG_WARN_COMMA = YES;
				CLANG_WARN_CONSTANT_CONVERSION = YES;
				CLANG_WARN_DIRECT_OBJC_ISA_USAGE = YES_ERROR;
				CLANG_WARN_DOCUMENTATION_COMMENTS = YES;
				CLANG_WARN_EMPTY_BODY = YES;
				CLANG_WARN_ENUM_CONVERSION = YES;
				CLANG_WARN_INFINITE_RECURSION = YES;
				CLANG_WARN_INT_CONVERSION = YES;
				CLANG_WARN_NON_LITERAL_NULL_CONVERSION = YES;
				CLANG_WARN_OBJC_LITERAL_CONVERSION = YES;
				CLANG_WARN_OBJC_ROOT_CLASS = YES_ERROR;
				CLANG_WARN_RANGE_LOOP_ANALYSIS = YES;
				CLANG_WARN_STRICT_PROTOTYPES = YES;
				CLANG_WARN_SUSPICIOUS_MOVE = YES;
				CLANG_WARN_UNGUARDED_AVAILABILITY = YES_AGGRESSIVE;
				CLANG_WARN_UNREACHABLE_CODE = YES;
				CLANG_WARN__DUPLICATE_METHOD_MATCH = YES;
				CODE_SIGN_IDENTITY = "iPhone Developer";
				COPY_PHASE_STRIP = NO;
				CURRENT_PROJECT_VERSION = 3;
				DEBUG_INFORMATION_FORMAT = "dwarf-with-dsym";
				ENABLE_NS_ASSERTIONS = NO;
				ENABLE_STRICT_OBJC_MSGSEND = YES;
				GCC_C_LANGUAGE_STANDARD = gnu11;
				GCC_NO_COMMON_BLOCKS = YES;
				GCC_WARN_64_TO_32_BIT_CONVERSION = YES;
				GCC_WARN_ABOUT_RETURN_TYPE = YES_ERROR;
				GCC_WARN_UNDECLARED_SELECTOR = YES;
				GCC_WARN_UNINITIALIZED_AUTOS = YES_AGGRESSIVE;
				GCC_WARN_UNUSED_FUNCTION = YES;
				GCC_WARN_UNUSED_VARIABLE = YES;
				IPHONEOS_DEPLOYMENT_TARGET = 9.3;
				MTL_ENABLE_DEBUG_INFO = NO;
				SDKROOT = iphoneos;
				SWIFT_OPTIMIZATION_LEVEL = "-Owholemodule";
				VALIDATE_PRODUCT = YES;
				VERSIONING_SYSTEM = "apple-generic";
				VERSION_INFO_PREFIX = "";
			};
			name = Release;
		};
		F138AE7F21B388E600C79E62 /* Debug */ = {
			isa = XCBuildConfiguration;
			buildSettings = {
				CODE_SIGN_IDENTITY = "";
				CODE_SIGN_STYLE = Automatic;
				DEFINES_MODULE = YES;
				DYLIB_COMPATIBILITY_VERSION = 1;
				DYLIB_CURRENT_VERSION = 3;
				DYLIB_INSTALL_NAME_BASE = "@rpath";
				FRAMEWORK_SEARCH_PATHS = (
					"$(inherited)",
					"$(PROJECT_DIR)/Carthage/Build/iOS",
				);
				INFOPLIST_FILE = SwiftRestful/Info.plist;
				INSTALL_PATH = "$(LOCAL_LIBRARY_DIR)/Frameworks";
				IPHONEOS_DEPLOYMENT_TARGET = 9.3;
				LD_RUNPATH_SEARCH_PATHS = "$(inherited) @executable_path/Frameworks @loader_path/Frameworks";
				PRODUCT_BUNDLE_IDENTIFIER = Acidmanic.SwiftRestful;
				PRODUCT_NAME = SwiftRestful;
				SKIP_INSTALL = YES;
				SWIFT_VERSION = 4.0;
				TARGETED_DEVICE_FAMILY = "1,2";
			};
			name = Debug;
		};
		F138AE8021B388E600C79E62 /* Release */ = {
			isa = XCBuildConfiguration;
			buildSettings = {
				CODE_SIGN_IDENTITY = "";
				CODE_SIGN_STYLE = Automatic;
				DEFINES_MODULE = YES;
				DYLIB_COMPATIBILITY_VERSION = 1;
				DYLIB_CURRENT_VERSION = 3;
				DYLIB_INSTALL_NAME_BASE = "@rpath";
				FRAMEWORK_SEARCH_PATHS = (
					"$(inherited)",
					"$(PROJECT_DIR)/Carthage/Build/iOS",
				);
				INFOPLIST_FILE = SwiftRestful/Info.plist;
				INSTALL_PATH = "$(LOCAL_LIBRARY_DIR)/Frameworks";
				IPHONEOS_DEPLOYMENT_TARGET = 9.3;
				LD_RUNPATH_SEARCH_PATHS = "$(inherited) @executable_path/Frameworks @loader_path/Frameworks";
				PRODUCT_BUNDLE_IDENTIFIER = Acidmanic.SwiftRestful;
				PRODUCT_NAME = SwiftRestful;
				SKIP_INSTALL = YES;
				SWIFT_VERSION = 4.0;
				TARGETED_DEVICE_FAMILY = "1,2";
			};
			name = Release;
		};
		F138AE8221B388E600C79E62 /* Debug */ = {
			isa = XCBuildConfiguration;
			buildSettings = {
				ALWAYS_EMBED_SWIFT_STANDARD_LIBRARIES = YES;
				CODE_SIGN_STYLE = Automatic;
				INFOPLIST_FILE = SwiftRestfulTests/Info.plist;
				LD_RUNPATH_SEARCH_PATHS = "$(inherited) @executable_path/Frameworks @loader_path/Frameworks";
				PRODUCT_BUNDLE_IDENTIFIER = Acidmanic.SwiftRestfulTests;
				PRODUCT_NAME = "$(TARGET_NAME)";
				SWIFT_VERSION = 4.0;
				TARGETED_DEVICE_FAMILY = "1,2";
			};
			name = Debug;
		};
		F138AE8321B388E600C79E62 /* Release */ = {
			isa = XCBuildConfiguration;
			buildSettings = {
				ALWAYS_EMBED_SWIFT_STANDARD_LIBRARIES = YES;
				CODE_SIGN_STYLE = Automatic;
				INFOPLIST_FILE = SwiftRestfulTests/Info.plist;
				LD_RUNPATH_SEARCH_PATHS = "$(inherited) @executable_path/Frameworks @loader_path/Frameworks";
				PRODUCT_BUNDLE_IDENTIFIER = Acidmanic.SwiftRestfulTests;
				PRODUCT_NAME = "$(TARGET_NAME)";
				SWIFT_VERSION = 4.0;
				TARGETED_DEVICE_FAMILY = "1,2";
			};
			name = Release;
		};
		F1AAE05821C0D77F003B1565 /* Debug */ = {
			isa = XCBuildConfiguration;
			buildSettings = {
				APPLICATION_EXTENSION_API_ONLY = YES;
				CODE_SIGN_IDENTITY = "";
				CODE_SIGN_STYLE = Automatic;
				DEFINES_MODULE = YES;
				DYLIB_COMPATIBILITY_VERSION = 1;
				DYLIB_CURRENT_VERSION = 3;
				DYLIB_INSTALL_NAME_BASE = "@rpath";
				FRAMEWORK_SEARCH_PATHS = (
					"$(inherited)",
					"$(PROJECT_DIR)/Carthage/Build/watchOS",
				);
				INFOPLIST_FILE = SwiftRestful/Info.plist;
				INSTALL_PATH = "$(LOCAL_LIBRARY_DIR)/Frameworks";
				LD_RUNPATH_SEARCH_PATHS = "$(inherited) @executable_path/Frameworks @loader_path/Frameworks";
				PRODUCT_BUNDLE_IDENTIFIER = Acidmanic.SwiftRestful;
				PRODUCT_NAME = SwiftRestful;
				SDKROOT = watchos;
				SKIP_INSTALL = YES;
				SWIFT_VERSION = 4.0;
				TARGETED_DEVICE_FAMILY = 4;
				WATCHOS_DEPLOYMENT_TARGET = 3.2;
			};
			name = Debug;
		};
		F1AAE05921C0D77F003B1565 /* Release */ = {
			isa = XCBuildConfiguration;
			buildSettings = {
				APPLICATION_EXTENSION_API_ONLY = YES;
				CODE_SIGN_IDENTITY = "";
				CODE_SIGN_STYLE = Automatic;
				DEFINES_MODULE = YES;
				DYLIB_COMPATIBILITY_VERSION = 1;
				DYLIB_CURRENT_VERSION = 3;
				DYLIB_INSTALL_NAME_BASE = "@rpath";
				FRAMEWORK_SEARCH_PATHS = (
					"$(inherited)",
					"$(PROJECT_DIR)/Carthage/Build/watchOS",
				);
				INFOPLIST_FILE = SwiftRestful/Info.plist;
				INSTALL_PATH = "$(LOCAL_LIBRARY_DIR)/Frameworks";
				LD_RUNPATH_SEARCH_PATHS = "$(inherited) @executable_path/Frameworks @loader_path/Frameworks";
				PRODUCT_BUNDLE_IDENTIFIER = Acidmanic.SwiftRestful;
				PRODUCT_NAME = SwiftRestful;
				SDKROOT = watchos;
				SKIP_INSTALL = YES;
				SWIFT_VERSION = 4.0;
				TARGETED_DEVICE_FAMILY = 4;
				WATCHOS_DEPLOYMENT_TARGET = 3.2;
			};
			name = Release;
		};
		F1AAE07121C0DAFB003B1565 /* Debug */ = {
			isa = XCBuildConfiguration;
			buildSettings = {
				CODE_SIGN_IDENTITY = "";
				CODE_SIGN_STYLE = Automatic;
				DEFINES_MODULE = YES;
				DYLIB_COMPATIBILITY_VERSION = 1;
				DYLIB_CURRENT_VERSION = 3;
				DYLIB_INSTALL_NAME_BASE = "@rpath";
				FRAMEWORK_SEARCH_PATHS = (
					"$(inherited)",
					"$(PROJECT_DIR)/Carthage/Build/tvOS",
				);
				INFOPLIST_FILE = SwiftRestful/Info.plist;
				INSTALL_PATH = "$(LOCAL_LIBRARY_DIR)/Frameworks";
				LD_RUNPATH_SEARCH_PATHS = "$(inherited) @executable_path/Frameworks @loader_path/Frameworks";
				PRODUCT_BUNDLE_IDENTIFIER = Acidmanic.SwiftRestful;
				PRODUCT_NAME = SwiftRestful;
				SDKROOT = appletvos;
				SKIP_INSTALL = YES;
				SWIFT_VERSION = 4.0;
				TARGETED_DEVICE_FAMILY = 3;
				TVOS_DEPLOYMENT_TARGET = 10.2;
			};
			name = Debug;
		};
		F1AAE07221C0DAFB003B1565 /* Release */ = {
			isa = XCBuildConfiguration;
			buildSettings = {
				CODE_SIGN_IDENTITY = "";
				CODE_SIGN_STYLE = Automatic;
				DEFINES_MODULE = YES;
				DYLIB_COMPATIBILITY_VERSION = 1;
				DYLIB_CURRENT_VERSION = 3;
				DYLIB_INSTALL_NAME_BASE = "@rpath";
				FRAMEWORK_SEARCH_PATHS = (
					"$(inherited)",
					"$(PROJECT_DIR)/Carthage/Build/tvOS",
				);
				INFOPLIST_FILE = SwiftRestful/Info.plist;
				INSTALL_PATH = "$(LOCAL_LIBRARY_DIR)/Frameworks";
				LD_RUNPATH_SEARCH_PATHS = "$(inherited) @executable_path/Frameworks @loader_path/Frameworks";
				PRODUCT_BUNDLE_IDENTIFIER = Acidmanic.SwiftRestful;
				PRODUCT_NAME = SwiftRestful;
				SDKROOT = appletvos;
				SKIP_INSTALL = YES;
				SWIFT_VERSION = 4.0;
				TARGETED_DEVICE_FAMILY = 3;
				TVOS_DEPLOYMENT_TARGET = 10.2;
			};
			name = Release;
		};
		F1AAE07421C0DAFB003B1565 /* Debug */ = {
			isa = XCBuildConfiguration;
			buildSettings = {
				ALWAYS_EMBED_SWIFT_STANDARD_LIBRARIES = YES;
				CODE_SIGN_STYLE = Automatic;
				INFOPLIST_FILE = SwiftRestfulTests/Info.plist;
				LD_RUNPATH_SEARCH_PATHS = "$(inherited) @executable_path/Frameworks @loader_path/Frameworks";
				PRODUCT_BUNDLE_IDENTIFIER = Acidmanic.SwiftRestfulTests;
				PRODUCT_NAME = "$(TARGET_NAME)";
				SDKROOT = appletvos;
				SWIFT_VERSION = 4.0;
				TARGETED_DEVICE_FAMILY = 3;
				TVOS_DEPLOYMENT_TARGET = 11.1;
			};
			name = Debug;
		};
		F1AAE07521C0DAFB003B1565 /* Release */ = {
			isa = XCBuildConfiguration;
			buildSettings = {
				ALWAYS_EMBED_SWIFT_STANDARD_LIBRARIES = YES;
				CODE_SIGN_STYLE = Automatic;
				INFOPLIST_FILE = SwiftRestfulTests/Info.plist;
				LD_RUNPATH_SEARCH_PATHS = "$(inherited) @executable_path/Frameworks @loader_path/Frameworks";
				PRODUCT_BUNDLE_IDENTIFIER = Acidmanic.SwiftRestfulTests;
				PRODUCT_NAME = "$(TARGET_NAME)";
				SDKROOT = appletvos;
				SWIFT_VERSION = 4.0;
				TARGETED_DEVICE_FAMILY = 3;
				TVOS_DEPLOYMENT_TARGET = 11.1;
			};
			name = Release;
		};
		F1AAE0E921C0E307003B1565 /* Debug */ = {
			isa = XCBuildConfiguration;
			buildSettings = {
				CODE_SIGN_IDENTITY = "-";
				CODE_SIGN_STYLE = Automatic;
				COMBINE_HIDPI_IMAGES = YES;
				DEFINES_MODULE = YES;
				DYLIB_COMPATIBILITY_VERSION = 1;
				DYLIB_CURRENT_VERSION = 3;
				DYLIB_INSTALL_NAME_BASE = "@rpath";
				FRAMEWORK_SEARCH_PATHS = (
					"$(inherited)",
					"$(PROJECT_DIR)/Carthage/Build/Mac",
				);
				FRAMEWORK_VERSION = A;
				INFOPLIST_FILE = SwiftRestful/Info.plist;
				INSTALL_PATH = "$(LOCAL_LIBRARY_DIR)/Frameworks";
				LD_RUNPATH_SEARCH_PATHS = "$(inherited) @executable_path/../Frameworks @loader_path/Frameworks";
				MACOSX_DEPLOYMENT_TARGET = 10.12;
				PRODUCT_BUNDLE_IDENTIFIER = Acidmanic.SwiftRestful;
				PRODUCT_NAME = SwiftRestful;
				SDKROOT = macosx;
				SKIP_INSTALL = YES;
				SWIFT_VERSION = 4.0;
			};
			name = Debug;
		};
		F1AAE0EA21C0E307003B1565 /* Release */ = {
			isa = XCBuildConfiguration;
			buildSettings = {
				CODE_SIGN_IDENTITY = "-";
				CODE_SIGN_STYLE = Automatic;
				COMBINE_HIDPI_IMAGES = YES;
				DEFINES_MODULE = YES;
				DYLIB_COMPATIBILITY_VERSION = 1;
				DYLIB_CURRENT_VERSION = 3;
				DYLIB_INSTALL_NAME_BASE = "@rpath";
				FRAMEWORK_SEARCH_PATHS = (
					"$(inherited)",
					"$(PROJECT_DIR)/Carthage/Build/Mac",
				);
				FRAMEWORK_VERSION = A;
				INFOPLIST_FILE = SwiftRestful/Info.plist;
				INSTALL_PATH = "$(LOCAL_LIBRARY_DIR)/Frameworks";
				LD_RUNPATH_SEARCH_PATHS = "$(inherited) @executable_path/../Frameworks @loader_path/Frameworks";
				MACOSX_DEPLOYMENT_TARGET = 10.12;
				PRODUCT_BUNDLE_IDENTIFIER = Acidmanic.SwiftRestful;
				PRODUCT_NAME = SwiftRestful;
				SDKROOT = macosx;
				SKIP_INSTALL = YES;
				SWIFT_VERSION = 4.0;
			};
			name = Release;
		};
		F1AAE0EC21C0E307003B1565 /* Debug */ = {
			isa = XCBuildConfiguration;
			buildSettings = {
				ALWAYS_EMBED_SWIFT_STANDARD_LIBRARIES = YES;
				CODE_SIGN_IDENTITY = "-";
				CODE_SIGN_STYLE = Automatic;
				COMBINE_HIDPI_IMAGES = YES;
				INFOPLIST_FILE = SwiftRestfulTests/Info.plist;
				LD_RUNPATH_SEARCH_PATHS = "$(inherited) @executable_path/../Frameworks @loader_path/../Frameworks";
				MACOSX_DEPLOYMENT_TARGET = 10.12;
				PRODUCT_BUNDLE_IDENTIFIER = Acidmanic.SwiftRestfulTests;
				PRODUCT_NAME = "$(TARGET_NAME)";
				SDKROOT = macosx;
				SWIFT_VERSION = 4.0;
			};
			name = Debug;
		};
		F1AAE0ED21C0E307003B1565 /* Release */ = {
			isa = XCBuildConfiguration;
			buildSettings = {
				ALWAYS_EMBED_SWIFT_STANDARD_LIBRARIES = YES;
				CODE_SIGN_IDENTITY = "-";
				CODE_SIGN_STYLE = Automatic;
				COMBINE_HIDPI_IMAGES = YES;
				INFOPLIST_FILE = SwiftRestfulTests/Info.plist;
				LD_RUNPATH_SEARCH_PATHS = "$(inherited) @executable_path/../Frameworks @loader_path/../Frameworks";
				MACOSX_DEPLOYMENT_TARGET = 10.12;
				PRODUCT_BUNDLE_IDENTIFIER = Acidmanic.SwiftRestfulTests;
				PRODUCT_NAME = "$(TARGET_NAME)";
				SDKROOT = macosx;
				SWIFT_VERSION = 4.0;
			};
			name = Release;
		};
/* End XCBuildConfiguration section */

/* Begin XCConfigurationList section */
		F138AE6421B388E600C79E62 /* Build configuration list for PBXProject "SwiftRestful" */ = {
			isa = XCConfigurationList;
			buildConfigurations = (
				F138AE7C21B388E600C79E62 /* Debug */,
				F138AE7D21B388E600C79E62 /* Release */,
			);
			defaultConfigurationIsVisible = 0;
			defaultConfigurationName = Release;
		};
		F138AE7E21B388E600C79E62 /* Build configuration list for PBXNativeTarget "SwiftRestful iOS" */ = {
			isa = XCConfigurationList;
			buildConfigurations = (
				F138AE7F21B388E600C79E62 /* Debug */,
				F138AE8021B388E600C79E62 /* Release */,
			);
			defaultConfigurationIsVisible = 0;
			defaultConfigurationName = Release;
		};
		F138AE8121B388E600C79E62 /* Build configuration list for PBXNativeTarget "SwiftRestfulTests iOS" */ = {
			isa = XCConfigurationList;
			buildConfigurations = (
				F138AE8221B388E600C79E62 /* Debug */,
				F138AE8321B388E600C79E62 /* Release */,
			);
			defaultConfigurationIsVisible = 0;
			defaultConfigurationName = Release;
		};
		F1AAE05721C0D77F003B1565 /* Build configuration list for PBXNativeTarget "SwiftRestful watchOS" */ = {
			isa = XCConfigurationList;
			buildConfigurations = (
				F1AAE05821C0D77F003B1565 /* Debug */,
				F1AAE05921C0D77F003B1565 /* Release */,
			);
			defaultConfigurationIsVisible = 0;
			defaultConfigurationName = Release;
		};
		F1AAE07021C0DAFB003B1565 /* Build configuration list for PBXNativeTarget "SwiftRestful tvOS" */ = {
			isa = XCConfigurationList;
			buildConfigurations = (
				F1AAE07121C0DAFB003B1565 /* Debug */,
				F1AAE07221C0DAFB003B1565 /* Release */,
			);
			defaultConfigurationIsVisible = 0;
			defaultConfigurationName = Release;
		};
		F1AAE07321C0DAFB003B1565 /* Build configuration list for PBXNativeTarget "SwiftRestfulTests tvOS" */ = {
			isa = XCConfigurationList;
			buildConfigurations = (
				F1AAE07421C0DAFB003B1565 /* Debug */,
				F1AAE07521C0DAFB003B1565 /* Release */,
			);
			defaultConfigurationIsVisible = 0;
			defaultConfigurationName = Release;
		};
		F1AAE0E821C0E307003B1565 /* Build configuration list for PBXNativeTarget "SwiftRestful macOS" */ = {
			isa = XCConfigurationList;
			buildConfigurations = (
				F1AAE0E921C0E307003B1565 /* Debug */,
				F1AAE0EA21C0E307003B1565 /* Release */,
			);
			defaultConfigurationIsVisible = 0;
			defaultConfigurationName = Release;
		};
		F1AAE0EB21C0E307003B1565 /* Build configuration list for PBXNativeTarget "SwiftRestfulTests macOS" */ = {
			isa = XCConfigurationList;
			buildConfigurations = (
				F1AAE0EC21C0E307003B1565 /* Debug */,
				F1AAE0ED21C0E307003B1565 /* Release */,
			);
			defaultConfigurationIsVisible = 0;
			defaultConfigurationName = Release;
		};
/* End XCConfigurationList section */
	};
	rootObject = F138AE6121B388E600C79E62 /* Project object */;
}
